// !$*UTF8*$!
{
	archiveVersion = 1;
	classes = {
	};
	objectVersion = 56;
	objects = {

/* Begin PBXBuildFile section */
		04382AB229EA6021001626FF /* ProfileEditor.swift in Sources */ = {isa = PBXBuildFile; fileRef = 04382AB129EA6021001626FF /* ProfileEditor.swift */; };
		04382AB529EAE369001626FF /* PageViewController.swift in Sources */ = {isa = PBXBuildFile; fileRef = 04382AB429EAE369001626FF /* PageViewController.swift */; };
		04382AB729EAE8D6001626FF /* FeatureCard.swift in Sources */ = {isa = PBXBuildFile; fileRef = 04382AB629EAE8D6001626FF /* FeatureCard.swift */; };
		04382AB929EAE930001626FF /* PageView.swift in Sources */ = {isa = PBXBuildFile; fileRef = 04382AB829EAE930001626FF /* PageView.swift */; };
		04382ABB29EAF40A001626FF /* PageControl.swift in Sources */ = {isa = PBXBuildFile; fileRef = 04382ABA29EAF40A001626FF /* PageControl.swift */; };
		043BDA1929EE219600D54C4F /* ContentView.swift in Sources */ = {isa = PBXBuildFile; fileRef = 043BDA1829EE219600D54C4F /* ContentView.swift */; };
		043BDA1B29EE219900D54C4F /* Assets.xcassets in Resources */ = {isa = PBXBuildFile; fileRef = 043BDA1A29EE219900D54C4F /* Assets.xcassets */; };
		043BDA1E29EE219900D54C4F /* Preview Assets.xcassets in Resources */ = {isa = PBXBuildFile; fileRef = 043BDA1D29EE219900D54C4F /* Preview Assets.xcassets */; };
		043BDA2329EE227300D54C4F /* Profile.swift in Sources */ = {isa = PBXBuildFile; fileRef = 04A7FDAD29E9002600EE6869 /* Profile.swift */; };
		043BDA2429EE227300D54C4F /* CircleImage.swift in Sources */ = {isa = PBXBuildFile; fileRef = 04725E0329E6501C006068E5 /* CircleImage.swift */; };
		043BDA2529EE227300D54C4F /* LandmarkRow.swift in Sources */ = {isa = PBXBuildFile; fileRef = 04725E1029E65859006068E5 /* LandmarkRow.swift */; };
		043BDA2629EE227300D54C4F /* FavoriteButton.swift in Sources */ = {isa = PBXBuildFile; fileRef = 04725E1629E86636006068E5 /* FavoriteButton.swift */; };
		043BDA2729EE227300D54C4F /* landmarkData.json in Resources */ = {isa = PBXBuildFile; fileRef = 04725E0729E655F8006068E5 /* landmarkData.json */; };
		043BDA2829EE227300D54C4F /* Assets.xcassets in Resources */ = {isa = PBXBuildFile; fileRef = 04725DDD29E649F4006068E5 /* Assets.xcassets */; };
		043BDA2929EE227300D54C4F /* Landmark.swift in Sources */ = {isa = PBXBuildFile; fileRef = 04725E0929E65625006068E5 /* Landmark.swift */; };
		043BDA2A29EE227300D54C4F /* Hike.swift in Sources */ = {isa = PBXBuildFile; fileRef = 04725E2929E87046006068E5 /* Hike.swift */; };
		043BDA2B29EE227300D54C4F /* ModelData.swift in Sources */ = {isa = PBXBuildFile; fileRef = 04725E0B29E65754006068E5 /* ModelData.swift */; };
		043BDA2C29EE227300D54C4F /* MapView.swift in Sources */ = {isa = PBXBuildFile; fileRef = 04725E0529E650DD006068E5 /* MapView.swift */; };
		043BDA2D29EE227300D54C4F /* AFL3_0706012110033_Bryan_AnthonyApp.swift in Sources */ = {isa = PBXBuildFile; fileRef = 04725DD929E649F3006068E5 /* AFL3_0706012110033_Bryan_AnthonyApp.swift */; };
		043BDA2E29EE227300D54C4F /* LandmarkList.swift in Sources */ = {isa = PBXBuildFile; fileRef = 04725E1229E65D20006068E5 /* LandmarkList.swift */; };
		043BDA2F29EE227300D54C4F /* hikeData.json in Resources */ = {isa = PBXBuildFile; fileRef = 04725E2529E86FDA006068E5 /* hikeData.json */; };
		043BDA3129EE22DD00D54C4F /* LandmarkDetail.swift in Sources */ = {isa = PBXBuildFile; fileRef = 043BDA3029EE22DD00D54C4F /* LandmarkDetail.swift */; };
		043BDA3329EE25EF00D54C4F /* LandmarkCommands.swift in Sources */ = {isa = PBXBuildFile; fileRef = 043BDA3229EE25EF00D54C4F /* LandmarkCommands.swift */; };
		043BDA3529EE281200D54C4F /* LandmarkSettings.swift in Sources */ = {isa = PBXBuildFile; fileRef = 043BDA3429EE281200D54C4F /* LandmarkSettings.swift */; };
		04725DDA29E649F3006068E5 /* AFL3_0706012110033_Bryan_AnthonyApp.swift in Sources */ = {isa = PBXBuildFile; fileRef = 04725DD929E649F3006068E5 /* AFL3_0706012110033_Bryan_AnthonyApp.swift */; };
		04725DDC29E649F3006068E5 /* ContentView.swift in Sources */ = {isa = PBXBuildFile; fileRef = 04725DDB29E649F3006068E5 /* ContentView.swift */; };
		04725DDE29E649F4006068E5 /* Assets.xcassets in Resources */ = {isa = PBXBuildFile; fileRef = 04725DDD29E649F4006068E5 /* Assets.xcassets */; };
		04725DE129E649F4006068E5 /* Preview Assets.xcassets in Resources */ = {isa = PBXBuildFile; fileRef = 04725DE029E649F4006068E5 /* Preview Assets.xcassets */; };
		04725DEB29E649F5006068E5 /* AFL3_0706012110033_Bryan_AnthonyTests.swift in Sources */ = {isa = PBXBuildFile; fileRef = 04725DEA29E649F5006068E5 /* AFL3_0706012110033_Bryan_AnthonyTests.swift */; };
		04725DF529E649F5006068E5 /* AFL3_0706012110033_Bryan_AnthonyUITests.swift in Sources */ = {isa = PBXBuildFile; fileRef = 04725DF429E649F5006068E5 /* AFL3_0706012110033_Bryan_AnthonyUITests.swift */; };
		04725DF729E649F5006068E5 /* AFL3_0706012110033_Bryan_AnthonyUITestsLaunchTests.swift in Sources */ = {isa = PBXBuildFile; fileRef = 04725DF629E649F5006068E5 /* AFL3_0706012110033_Bryan_AnthonyUITestsLaunchTests.swift */; };
		04725E0429E6501C006068E5 /* CircleImage.swift in Sources */ = {isa = PBXBuildFile; fileRef = 04725E0329E6501C006068E5 /* CircleImage.swift */; };
		04725E0629E650DD006068E5 /* MapView.swift in Sources */ = {isa = PBXBuildFile; fileRef = 04725E0529E650DD006068E5 /* MapView.swift */; };
		04725E0829E655F8006068E5 /* landmarkData.json in Resources */ = {isa = PBXBuildFile; fileRef = 04725E0729E655F8006068E5 /* landmarkData.json */; };
		04725E0A29E65625006068E5 /* Landmark.swift in Sources */ = {isa = PBXBuildFile; fileRef = 04725E0929E65625006068E5 /* Landmark.swift */; };
		04725E0C29E65754006068E5 /* ModelData.swift in Sources */ = {isa = PBXBuildFile; fileRef = 04725E0B29E65754006068E5 /* ModelData.swift */; };
		04725E1129E65859006068E5 /* LandmarkRow.swift in Sources */ = {isa = PBXBuildFile; fileRef = 04725E1029E65859006068E5 /* LandmarkRow.swift */; };
		04725E1329E65D20006068E5 /* LandmarkList.swift in Sources */ = {isa = PBXBuildFile; fileRef = 04725E1229E65D20006068E5 /* LandmarkList.swift */; };
		04725E1529E661B6006068E5 /* LandmarkDetail.swift in Sources */ = {isa = PBXBuildFile; fileRef = 04725E1429E661B6006068E5 /* LandmarkDetail.swift */; };
		04725E1729E86636006068E5 /* FavoriteButton.swift in Sources */ = {isa = PBXBuildFile; fileRef = 04725E1629E86636006068E5 /* FavoriteButton.swift */; };
		04725E1B29E86ADC006068E5 /* HexagonParameters.swift in Sources */ = {isa = PBXBuildFile; fileRef = 04725E1A29E86ADC006068E5 /* HexagonParameters.swift */; };
		04725E1D29E86B97006068E5 /* BadgeBackground.swift in Sources */ = {isa = PBXBuildFile; fileRef = 04725E1C29E86B97006068E5 /* BadgeBackground.swift */; };
		04725E1F29E86D72006068E5 /* BadgeSymbol.swift in Sources */ = {isa = PBXBuildFile; fileRef = 04725E1E29E86D72006068E5 /* BadgeSymbol.swift */; };
		04725E2129E86E1D006068E5 /* RotateBadge.swift in Sources */ = {isa = PBXBuildFile; fileRef = 04725E2029E86E1D006068E5 /* RotateBadge.swift */; };
		04725E2429E86E8A006068E5 /* Badge.swift in Sources */ = {isa = PBXBuildFile; fileRef = 04725E2329E86E8A006068E5 /* Badge.swift */; };
		04725E2629E86FDA006068E5 /* hikeData.json in Resources */ = {isa = PBXBuildFile; fileRef = 04725E2529E86FDA006068E5 /* hikeData.json */; };
		04725E2A29E87046006068E5 /* Hike.swift in Sources */ = {isa = PBXBuildFile; fileRef = 04725E2929E87046006068E5 /* Hike.swift */; };
		04725E2C29E8707F006068E5 /* HikeView.swift in Sources */ = {isa = PBXBuildFile; fileRef = 04725E2B29E8707F006068E5 /* HikeView.swift */; };
		04725E2E29E87082006068E5 /* GraphCapsule.swift in Sources */ = {isa = PBXBuildFile; fileRef = 04725E2D29E87082006068E5 /* GraphCapsule.swift */; };
		04725E3029E8708B006068E5 /* HikeDetail.swift in Sources */ = {isa = PBXBuildFile; fileRef = 04725E2F29E8708B006068E5 /* HikeDetail.swift */; };
		04725E3229E87096006068E5 /* HikeGraph.swift in Sources */ = {isa = PBXBuildFile; fileRef = 04725E3129E87096006068E5 /* HikeGraph.swift */; };
		04A7FDA829E8E70500EE6869 /* CategoryHome.swift in Sources */ = {isa = PBXBuildFile; fileRef = 04A7FDA729E8E70500EE6869 /* CategoryHome.swift */; };
		04A7FDAA29E8E89700EE6869 /* CategoryRow.swift in Sources */ = {isa = PBXBuildFile; fileRef = 04A7FDA929E8E89700EE6869 /* CategoryRow.swift */; };
		04A7FDAC29E8E91300EE6869 /* CategoryItem.swift in Sources */ = {isa = PBXBuildFile; fileRef = 04A7FDAB29E8E91300EE6869 /* CategoryItem.swift */; };
		04A7FDAE29E9002600EE6869 /* Profile.swift in Sources */ = {isa = PBXBuildFile; fileRef = 04A7FDAD29E9002600EE6869 /* Profile.swift */; };
		04A7FDB129E9035B00EE6869 /* ProfileHost.swift in Sources */ = {isa = PBXBuildFile; fileRef = 04A7FDB029E9035B00EE6869 /* ProfileHost.swift */; };
		04A7FDB329E9037A00EE6869 /* ProfileSummary.swift in Sources */ = {isa = PBXBuildFile; fileRef = 04A7FDB229E9037A00EE6869 /* ProfileSummary.swift */; };
		04A7FDB529E903A700EE6869 /* HikeBadge.swift in Sources */ = {isa = PBXBuildFile; fileRef = 04A7FDB429E903A700EE6869 /* HikeBadge.swift */; };
/* End PBXBuildFile section */

/* Begin PBXContainerItemProxy section */
		04725DE729E649F5006068E5 /* PBXContainerItemProxy */ = {
			isa = PBXContainerItemProxy;
			containerPortal = 04725DCE29E649F3006068E5 /* Project object */;
			proxyType = 1;
			remoteGlobalIDString = 04725DD529E649F3006068E5;
			remoteInfo = "AFL3-0706012110033-Bryan_Anthony";
		};
		04725DF129E649F5006068E5 /* PBXContainerItemProxy */ = {
			isa = PBXContainerItemProxy;
			containerPortal = 04725DCE29E649F3006068E5 /* Project object */;
			proxyType = 1;
			remoteGlobalIDString = 04725DD529E649F3006068E5;
			remoteInfo = "AFL3-0706012110033-Bryan_Anthony";
		};
/* End PBXContainerItemProxy section */

/* Begin PBXCopyFilesBuildPhase section */
		043BD94429EB10DB00D54C4F /* Embed Watch Content */ = {
			isa = PBXCopyFilesBuildPhase;
			buildActionMask = 2147483647;
			dstPath = "$(CONTENTS_FOLDER_PATH)/Watch";
			dstSubfolderSpec = 16;
			files = (
			);
			name = "Embed Watch Content";
			runOnlyForDeploymentPostprocessing = 0;
		};
/* End PBXCopyFilesBuildPhase section */

/* Begin PBXFileReference section */
		04382AB129EA6021001626FF /* ProfileEditor.swift */ = {isa = PBXFileReference; lastKnownFileType = sourcecode.swift; path = ProfileEditor.swift; sourceTree = "<group>"; };
		04382AB429EAE369001626FF /* PageViewController.swift */ = {isa = PBXFileReference; lastKnownFileType = sourcecode.swift; path = PageViewController.swift; sourceTree = "<group>"; };
		04382AB629EAE8D6001626FF /* FeatureCard.swift */ = {isa = PBXFileReference; lastKnownFileType = sourcecode.swift; path = FeatureCard.swift; sourceTree = "<group>"; };
		04382AB829EAE930001626FF /* PageView.swift */ = {isa = PBXFileReference; lastKnownFileType = sourcecode.swift; path = PageView.swift; sourceTree = "<group>"; };
		04382ABA29EAF40A001626FF /* PageControl.swift */ = {isa = PBXFileReference; lastKnownFileType = sourcecode.swift; path = PageControl.swift; sourceTree = "<group>"; };
		043BDA1429EE219600D54C4F /* MacLandmarks.app */ = {isa = PBXFileReference; explicitFileType = wrapper.application; includeInIndex = 0; path = MacLandmarks.app; sourceTree = BUILT_PRODUCTS_DIR; };
		043BDA1829EE219600D54C4F /* ContentView.swift */ = {isa = PBXFileReference; lastKnownFileType = sourcecode.swift; path = ContentView.swift; sourceTree = "<group>"; };
		043BDA1A29EE219900D54C4F /* Assets.xcassets */ = {isa = PBXFileReference; lastKnownFileType = folder.assetcatalog; path = Assets.xcassets; sourceTree = "<group>"; };
		043BDA1D29EE219900D54C4F /* Preview Assets.xcassets */ = {isa = PBXFileReference; lastKnownFileType = folder.assetcatalog; path = "Preview Assets.xcassets"; sourceTree = "<group>"; };
		043BDA1F29EE219900D54C4F /* MacLandmarks.entitlements */ = {isa = PBXFileReference; lastKnownFileType = text.plist.entitlements; path = MacLandmarks.entitlements; sourceTree = "<group>"; };
		043BDA3029EE22DD00D54C4F /* LandmarkDetail.swift */ = {isa = PBXFileReference; lastKnownFileType = sourcecode.swift; path = LandmarkDetail.swift; sourceTree = "<group>"; };
		043BDA3229EE25EF00D54C4F /* LandmarkCommands.swift */ = {isa = PBXFileReference; lastKnownFileType = sourcecode.swift; path = LandmarkCommands.swift; sourceTree = "<group>"; };
		043BDA3429EE281200D54C4F /* LandmarkSettings.swift */ = {isa = PBXFileReference; lastKnownFileType = sourcecode.swift; path = LandmarkSettings.swift; sourceTree = "<group>"; };
		04725DD629E649F3006068E5 /* AFL3-0706012110033-Bryan_Anthony.app */ = {isa = PBXFileReference; explicitFileType = wrapper.application; includeInIndex = 0; path = "AFL3-0706012110033-Bryan_Anthony.app"; sourceTree = BUILT_PRODUCTS_DIR; };
		04725DD929E649F3006068E5 /* AFL3_0706012110033_Bryan_AnthonyApp.swift */ = {isa = PBXFileReference; lastKnownFileType = sourcecode.swift; path = AFL3_0706012110033_Bryan_AnthonyApp.swift; sourceTree = "<group>"; };
		04725DDB29E649F3006068E5 /* ContentView.swift */ = {isa = PBXFileReference; lastKnownFileType = sourcecode.swift; path = ContentView.swift; sourceTree = "<group>"; };
		04725DDD29E649F4006068E5 /* Assets.xcassets */ = {isa = PBXFileReference; lastKnownFileType = folder.assetcatalog; path = Assets.xcassets; sourceTree = "<group>"; };
		04725DE029E649F4006068E5 /* Preview Assets.xcassets */ = {isa = PBXFileReference; lastKnownFileType = folder.assetcatalog; path = "Preview Assets.xcassets"; sourceTree = "<group>"; };
		04725DE629E649F5006068E5 /* AFL3-0706012110033-Bryan_AnthonyTests.xctest */ = {isa = PBXFileReference; explicitFileType = wrapper.cfbundle; includeInIndex = 0; path = "AFL3-0706012110033-Bryan_AnthonyTests.xctest"; sourceTree = BUILT_PRODUCTS_DIR; };
		04725DEA29E649F5006068E5 /* AFL3_0706012110033_Bryan_AnthonyTests.swift */ = {isa = PBXFileReference; lastKnownFileType = sourcecode.swift; path = AFL3_0706012110033_Bryan_AnthonyTests.swift; sourceTree = "<group>"; };
		04725DF029E649F5006068E5 /* AFL3-0706012110033-Bryan_AnthonyUITests.xctest */ = {isa = PBXFileReference; explicitFileType = wrapper.cfbundle; includeInIndex = 0; path = "AFL3-0706012110033-Bryan_AnthonyUITests.xctest"; sourceTree = BUILT_PRODUCTS_DIR; };
		04725DF429E649F5006068E5 /* AFL3_0706012110033_Bryan_AnthonyUITests.swift */ = {isa = PBXFileReference; lastKnownFileType = sourcecode.swift; path = AFL3_0706012110033_Bryan_AnthonyUITests.swift; sourceTree = "<group>"; };
		04725DF629E649F5006068E5 /* AFL3_0706012110033_Bryan_AnthonyUITestsLaunchTests.swift */ = {isa = PBXFileReference; lastKnownFileType = sourcecode.swift; path = AFL3_0706012110033_Bryan_AnthonyUITestsLaunchTests.swift; sourceTree = "<group>"; };
		04725E0329E6501C006068E5 /* CircleImage.swift */ = {isa = PBXFileReference; lastKnownFileType = sourcecode.swift; path = CircleImage.swift; sourceTree = "<group>"; };
		04725E0529E650DD006068E5 /* MapView.swift */ = {isa = PBXFileReference; lastKnownFileType = sourcecode.swift; path = MapView.swift; sourceTree = "<group>"; };
		04725E0729E655F8006068E5 /* landmarkData.json */ = {isa = PBXFileReference; fileEncoding = 4; lastKnownFileType = text.json; path = landmarkData.json; sourceTree = "<group>"; };
		04725E0929E65625006068E5 /* Landmark.swift */ = {isa = PBXFileReference; lastKnownFileType = sourcecode.swift; path = Landmark.swift; sourceTree = "<group>"; };
		04725E0B29E65754006068E5 /* ModelData.swift */ = {isa = PBXFileReference; lastKnownFileType = sourcecode.swift; path = ModelData.swift; sourceTree = "<group>"; };
		04725E1029E65859006068E5 /* LandmarkRow.swift */ = {isa = PBXFileReference; lastKnownFileType = sourcecode.swift; path = LandmarkRow.swift; sourceTree = "<group>"; };
		04725E1229E65D20006068E5 /* LandmarkList.swift */ = {isa = PBXFileReference; lastKnownFileType = sourcecode.swift; path = LandmarkList.swift; sourceTree = "<group>"; };
		04725E1429E661B6006068E5 /* LandmarkDetail.swift */ = {isa = PBXFileReference; lastKnownFileType = sourcecode.swift; path = LandmarkDetail.swift; sourceTree = "<group>"; };
		04725E1629E86636006068E5 /* FavoriteButton.swift */ = {isa = PBXFileReference; lastKnownFileType = sourcecode.swift; path = FavoriteButton.swift; sourceTree = "<group>"; };
		04725E1A29E86ADC006068E5 /* HexagonParameters.swift */ = {isa = PBXFileReference; lastKnownFileType = sourcecode.swift; path = HexagonParameters.swift; sourceTree = "<group>"; };
		04725E1C29E86B97006068E5 /* BadgeBackground.swift */ = {isa = PBXFileReference; lastKnownFileType = sourcecode.swift; path = BadgeBackground.swift; sourceTree = "<group>"; };
		04725E1E29E86D72006068E5 /* BadgeSymbol.swift */ = {isa = PBXFileReference; lastKnownFileType = sourcecode.swift; path = BadgeSymbol.swift; sourceTree = "<group>"; };
		04725E2029E86E1D006068E5 /* RotateBadge.swift */ = {isa = PBXFileReference; lastKnownFileType = sourcecode.swift; path = RotateBadge.swift; sourceTree = "<group>"; };
		04725E2329E86E8A006068E5 /* Badge.swift */ = {isa = PBXFileReference; lastKnownFileType = sourcecode.swift; path = Badge.swift; sourceTree = "<group>"; };
		04725E2529E86FDA006068E5 /* hikeData.json */ = {isa = PBXFileReference; fileEncoding = 4; lastKnownFileType = text.json; path = hikeData.json; sourceTree = "<group>"; };
		04725E2929E87046006068E5 /* Hike.swift */ = {isa = PBXFileReference; lastKnownFileType = sourcecode.swift; path = Hike.swift; sourceTree = "<group>"; };
		04725E2B29E8707F006068E5 /* HikeView.swift */ = {isa = PBXFileReference; lastKnownFileType = sourcecode.swift; path = HikeView.swift; sourceTree = "<group>"; };
		04725E2D29E87082006068E5 /* GraphCapsule.swift */ = {isa = PBXFileReference; lastKnownFileType = sourcecode.swift; path = GraphCapsule.swift; sourceTree = "<group>"; };
		04725E2F29E8708B006068E5 /* HikeDetail.swift */ = {isa = PBXFileReference; lastKnownFileType = sourcecode.swift; path = HikeDetail.swift; sourceTree = "<group>"; };
		04725E3129E87096006068E5 /* HikeGraph.swift */ = {isa = PBXFileReference; lastKnownFileType = sourcecode.swift; path = HikeGraph.swift; sourceTree = "<group>"; };
		04A7FDA729E8E70500EE6869 /* CategoryHome.swift */ = {isa = PBXFileReference; lastKnownFileType = sourcecode.swift; path = CategoryHome.swift; sourceTree = "<group>"; };
		04A7FDA929E8E89700EE6869 /* CategoryRow.swift */ = {isa = PBXFileReference; lastKnownFileType = sourcecode.swift; path = CategoryRow.swift; sourceTree = "<group>"; };
		04A7FDAB29E8E91300EE6869 /* CategoryItem.swift */ = {isa = PBXFileReference; lastKnownFileType = sourcecode.swift; path = CategoryItem.swift; sourceTree = "<group>"; };
		04A7FDAD29E9002600EE6869 /* Profile.swift */ = {isa = PBXFileReference; lastKnownFileType = sourcecode.swift; path = Profile.swift; sourceTree = "<group>"; };
		04A7FDB029E9035B00EE6869 /* ProfileHost.swift */ = {isa = PBXFileReference; lastKnownFileType = sourcecode.swift; path = ProfileHost.swift; sourceTree = "<group>"; };
		04A7FDB229E9037A00EE6869 /* ProfileSummary.swift */ = {isa = PBXFileReference; lastKnownFileType = sourcecode.swift; path = ProfileSummary.swift; sourceTree = "<group>"; };
		04A7FDB429E903A700EE6869 /* HikeBadge.swift */ = {isa = PBXFileReference; lastKnownFileType = sourcecode.swift; path = HikeBadge.swift; sourceTree = "<group>"; };
/* End PBXFileReference section */

/* Begin PBXFrameworksBuildPhase section */
		043BDA1129EE219600D54C4F /* Frameworks */ = {
			isa = PBXFrameworksBuildPhase;
			buildActionMask = 2147483647;
			files = (
			);
			runOnlyForDeploymentPostprocessing = 0;
		};
		04725DD329E649F3006068E5 /* Frameworks */ = {
			isa = PBXFrameworksBuildPhase;
			buildActionMask = 2147483647;
			files = (
			);
			runOnlyForDeploymentPostprocessing = 0;
		};
		04725DE329E649F5006068E5 /* Frameworks */ = {
			isa = PBXFrameworksBuildPhase;
			buildActionMask = 2147483647;
			files = (
			);
			runOnlyForDeploymentPostprocessing = 0;
		};
		04725DED29E649F5006068E5 /* Frameworks */ = {
			isa = PBXFrameworksBuildPhase;
			buildActionMask = 2147483647;
			files = (
			);
			runOnlyForDeploymentPostprocessing = 0;
		};
/* End PBXFrameworksBuildPhase section */

/* Begin PBXGroup section */
		04382AB329EAE33F001626FF /* PageView */ = {
			isa = PBXGroup;
			children = (
				04382AB829EAE930001626FF /* PageView.swift */,
				04382AB629EAE8D6001626FF /* FeatureCard.swift */,
				04382AB429EAE369001626FF /* PageViewController.swift */,
				04382ABA29EAF40A001626FF /* PageControl.swift */,
			);
			path = PageView;
			sourceTree = "<group>";
		};
		043BDA1529EE219600D54C4F /* MacLandmarks */ = {
			isa = PBXGroup;
			children = (
				043BDA1829EE219600D54C4F /* ContentView.swift */,
				043BDA1A29EE219900D54C4F /* Assets.xcassets */,
				043BDA1F29EE219900D54C4F /* MacLandmarks.entitlements */,
				043BDA1C29EE219900D54C4F /* Preview Content */,
				043BDA3029EE22DD00D54C4F /* LandmarkDetail.swift */,
				043BDA3229EE25EF00D54C4F /* LandmarkCommands.swift */,
				043BDA3429EE281200D54C4F /* LandmarkSettings.swift */,
			);
			path = MacLandmarks;
			sourceTree = "<group>";
		};
		043BDA1C29EE219900D54C4F /* Preview Content */ = {
			isa = PBXGroup;
			children = (
				043BDA1D29EE219900D54C4F /* Preview Assets.xcassets */,
			);
			path = "Preview Content";
			sourceTree = "<group>";
		};
		04725DCD29E649F3006068E5 = {
			isa = PBXGroup;
			children = (
				04725DD829E649F3006068E5 /* AFL3-0706012110033-Bryan_Anthony */,
				04725DE929E649F5006068E5 /* AFL3-0706012110033-Bryan_AnthonyTests */,
				04725DF329E649F5006068E5 /* AFL3-0706012110033-Bryan_AnthonyUITests */,
				043BDA1529EE219600D54C4F /* MacLandmarks */,
				04725DD729E649F3006068E5 /* Products */,
			);
			sourceTree = "<group>";
		};
		04725DD729E649F3006068E5 /* Products */ = {
			isa = PBXGroup;
			children = (
				04725DD629E649F3006068E5 /* AFL3-0706012110033-Bryan_Anthony.app */,
				04725DE629E649F5006068E5 /* AFL3-0706012110033-Bryan_AnthonyTests.xctest */,
				04725DF029E649F5006068E5 /* AFL3-0706012110033-Bryan_AnthonyUITests.xctest */,
				043BDA1429EE219600D54C4F /* MacLandmarks.app */,
			);
			name = Products;
			sourceTree = "<group>";
		};
		04725DD829E649F3006068E5 /* AFL3-0706012110033-Bryan_Anthony */ = {
			isa = PBXGroup;
			children = (
				04725DDD29E649F4006068E5 /* Assets.xcassets */,
				04725DD929E649F3006068E5 /* AFL3_0706012110033_Bryan_AnthonyApp.swift */,
				04725E0F29E657E7006068E5 /* Resources */,
				04725E0E29E657D1006068E5 /* Model */,
				04725E0D29E657B9006068E5 /* Views */,
				04725DDF29E649F4006068E5 /* Preview Content */,
			);
			path = "AFL3-0706012110033-Bryan_Anthony";
			sourceTree = "<group>";
		};
		04725DDF29E649F4006068E5 /* Preview Content */ = {
			isa = PBXGroup;
			children = (
				04725DE029E649F4006068E5 /* Preview Assets.xcassets */,
			);
			path = "Preview Content";
			sourceTree = "<group>";
		};
		04725DE929E649F5006068E5 /* AFL3-0706012110033-Bryan_AnthonyTests */ = {
			isa = PBXGroup;
			children = (
				04725DEA29E649F5006068E5 /* AFL3_0706012110033_Bryan_AnthonyTests.swift */,
			);
			path = "AFL3-0706012110033-Bryan_AnthonyTests";
			sourceTree = "<group>";
		};
		04725DF329E649F5006068E5 /* AFL3-0706012110033-Bryan_AnthonyUITests */ = {
			isa = PBXGroup;
			children = (
				04725DF429E649F5006068E5 /* AFL3_0706012110033_Bryan_AnthonyUITests.swift */,
				04725DF629E649F5006068E5 /* AFL3_0706012110033_Bryan_AnthonyUITestsLaunchTests.swift */,
			);
			path = "AFL3-0706012110033-Bryan_AnthonyUITests";
			sourceTree = "<group>";
		};
		04725E0D29E657B9006068E5 /* Views */ = {
			isa = PBXGroup;
			children = (
				04725DDB29E649F3006068E5 /* ContentView.swift */,
				04382AB329EAE33F001626FF /* PageView */,
				04A7FDAF29E900B100EE6869 /* Profiles */,
				04A7FDA629E8E6CB00EE6869 /* Categories */,
				04725E3329E870AC006068E5 /* Hikes */,
				04725E1929E8669D006068E5 /* Landmarks */,
				04725E2229E86E2F006068E5 /* Badges */,
				04725E1829E8668D006068E5 /* Helpers */,
			);
			path = Views;
			sourceTree = "<group>";
		};
		04725E0E29E657D1006068E5 /* Model */ = {
			isa = PBXGroup;
			children = (
				04725E0929E65625006068E5 /* Landmark.swift */,
				04725E0B29E65754006068E5 /* ModelData.swift */,
				04725E2929E87046006068E5 /* Hike.swift */,
				04A7FDAD29E9002600EE6869 /* Profile.swift */,
			);
			path = Model;
			sourceTree = "<group>";
		};
		04725E0F29E657E7006068E5 /* Resources */ = {
			isa = PBXGroup;
			children = (
				04725E2529E86FDA006068E5 /* hikeData.json */,
				04725E0729E655F8006068E5 /* landmarkData.json */,
			);
			path = Resources;
			sourceTree = "<group>";
		};
		04725E1829E8668D006068E5 /* Helpers */ = {
			isa = PBXGroup;
			children = (
				04725E0329E6501C006068E5 /* CircleImage.swift */,
				04725E0529E650DD006068E5 /* MapView.swift */,
				04725E1629E86636006068E5 /* FavoriteButton.swift */,
			);
			path = Helpers;
			sourceTree = "<group>";
		};
		04725E1929E8669D006068E5 /* Landmarks */ = {
			isa = PBXGroup;
			children = (
				04725E1029E65859006068E5 /* LandmarkRow.swift */,
				04725E1229E65D20006068E5 /* LandmarkList.swift */,
				04725E1429E661B6006068E5 /* LandmarkDetail.swift */,
			);
			path = Landmarks;
			sourceTree = "<group>";
		};
		04725E2229E86E2F006068E5 /* Badges */ = {
			isa = PBXGroup;
			children = (
				04725E1A29E86ADC006068E5 /* HexagonParameters.swift */,
				04725E1E29E86D72006068E5 /* BadgeSymbol.swift */,
				04725E1C29E86B97006068E5 /* BadgeBackground.swift */,
				04725E2029E86E1D006068E5 /* RotateBadge.swift */,
				04725E2329E86E8A006068E5 /* Badge.swift */,
			);
			path = Badges;
			sourceTree = "<group>";
		};
		04725E3329E870AC006068E5 /* Hikes */ = {
			isa = PBXGroup;
			children = (
				04725E3129E87096006068E5 /* HikeGraph.swift */,
				04725E2D29E87082006068E5 /* GraphCapsule.swift */,
				04725E2B29E8707F006068E5 /* HikeView.swift */,
				04725E2F29E8708B006068E5 /* HikeDetail.swift */,
				04A7FDB429E903A700EE6869 /* HikeBadge.swift */,
			);
			path = Hikes;
			sourceTree = "<group>";
		};
		04A7FDA629E8E6CB00EE6869 /* Categories */ = {
			isa = PBXGroup;
			children = (
				04A7FDA729E8E70500EE6869 /* CategoryHome.swift */,
				04A7FDA929E8E89700EE6869 /* CategoryRow.swift */,
				04A7FDAB29E8E91300EE6869 /* CategoryItem.swift */,
			);
			path = Categories;
			sourceTree = "<group>";
		};
		04A7FDAF29E900B100EE6869 /* Profiles */ = {
			isa = PBXGroup;
			children = (
				04A7FDB029E9035B00EE6869 /* ProfileHost.swift */,
				04A7FDB229E9037A00EE6869 /* ProfileSummary.swift */,
				04382AB129EA6021001626FF /* ProfileEditor.swift */,
			);
			path = Profiles;
			sourceTree = "<group>";
		};
/* End PBXGroup section */

/* Begin PBXNativeTarget section */
		043BDA1329EE219600D54C4F /* MacLandmarks */ = {
			isa = PBXNativeTarget;
			buildConfigurationList = 043BDA2029EE219900D54C4F /* Build configuration list for PBXNativeTarget "MacLandmarks" */;
			buildPhases = (
				043BDA1029EE219600D54C4F /* Sources */,
				043BDA1129EE219600D54C4F /* Frameworks */,
				043BDA1229EE219600D54C4F /* Resources */,
			);
			buildRules = (
			);
			dependencies = (
			);
			name = MacLandmarks;
			productName = MacLandmarks;
			productReference = 043BDA1429EE219600D54C4F /* MacLandmarks.app */;
			productType = "com.apple.product-type.application";
		};
		04725DD529E649F3006068E5 /* AFL3-0706012110033-Bryan_Anthony */ = {
			isa = PBXNativeTarget;
			buildConfigurationList = 04725DFA29E649F5006068E5 /* Build configuration list for PBXNativeTarget "AFL3-0706012110033-Bryan_Anthony" */;
			buildPhases = (
				04725DD229E649F3006068E5 /* Sources */,
				04725DD329E649F3006068E5 /* Frameworks */,
				04725DD429E649F3006068E5 /* Resources */,
				043BD94429EB10DB00D54C4F /* Embed Watch Content */,
			);
			buildRules = (
			);
			dependencies = (
			);
			name = "AFL3-0706012110033-Bryan_Anthony";
			productName = "AFL3-0706012110033-Bryan_Anthony";
			productReference = 04725DD629E649F3006068E5 /* AFL3-0706012110033-Bryan_Anthony.app */;
			productType = "com.apple.product-type.application";
		};
		04725DE529E649F5006068E5 /* AFL3-0706012110033-Bryan_AnthonyTests */ = {
			isa = PBXNativeTarget;
			buildConfigurationList = 04725DFD29E649F5006068E5 /* Build configuration list for PBXNativeTarget "AFL3-0706012110033-Bryan_AnthonyTests" */;
			buildPhases = (
				04725DE229E649F5006068E5 /* Sources */,
				04725DE329E649F5006068E5 /* Frameworks */,
				04725DE429E649F5006068E5 /* Resources */,
			);
			buildRules = (
			);
			dependencies = (
				04725DE829E649F5006068E5 /* PBXTargetDependency */,
			);
			name = "AFL3-0706012110033-Bryan_AnthonyTests";
			productName = "AFL3-0706012110033-Bryan_AnthonyTests";
			productReference = 04725DE629E649F5006068E5 /* AFL3-0706012110033-Bryan_AnthonyTests.xctest */;
			productType = "com.apple.product-type.bundle.unit-test";
		};
		04725DEF29E649F5006068E5 /* AFL3-0706012110033-Bryan_AnthonyUITests */ = {
			isa = PBXNativeTarget;
			buildConfigurationList = 04725E0029E649F5006068E5 /* Build configuration list for PBXNativeTarget "AFL3-0706012110033-Bryan_AnthonyUITests" */;
			buildPhases = (
				04725DEC29E649F5006068E5 /* Sources */,
				04725DED29E649F5006068E5 /* Frameworks */,
				04725DEE29E649F5006068E5 /* Resources */,
			);
			buildRules = (
			);
			dependencies = (
				04725DF229E649F5006068E5 /* PBXTargetDependency */,
			);
			name = "AFL3-0706012110033-Bryan_AnthonyUITests";
			productName = "AFL3-0706012110033-Bryan_AnthonyUITests";
			productReference = 04725DF029E649F5006068E5 /* AFL3-0706012110033-Bryan_AnthonyUITests.xctest */;
			productType = "com.apple.product-type.bundle.ui-testing";
		};
/* End PBXNativeTarget section */

/* Begin PBXProject section */
		04725DCE29E649F3006068E5 /* Project object */ = {
			isa = PBXProject;
			attributes = {
				BuildIndependentTargetsInParallel = 1;
				LastSwiftUpdateCheck = 1430;
				LastUpgradeCheck = 1420;
				TargetAttributes = {
					043BDA1329EE219600D54C4F = {
						CreatedOnToolsVersion = 14.3;
					};
					04725DD529E649F3006068E5 = {
						CreatedOnToolsVersion = 14.2;
					};
					04725DE529E649F5006068E5 = {
						CreatedOnToolsVersion = 14.2;
						TestTargetID = 04725DD529E649F3006068E5;
					};
					04725DEF29E649F5006068E5 = {
						CreatedOnToolsVersion = 14.2;
						TestTargetID = 04725DD529E649F3006068E5;
					};
				};
			};
			buildConfigurationList = 04725DD129E649F3006068E5 /* Build configuration list for PBXProject "AFL3-0706012110033-Bryan_Anthony" */;
			compatibilityVersion = "Xcode 14.0";
			developmentRegion = en;
			hasScannedForEncodings = 0;
			knownRegions = (
				en,
				Base,
			);
			mainGroup = 04725DCD29E649F3006068E5;
			productRefGroup = 04725DD729E649F3006068E5 /* Products */;
			projectDirPath = "";
			projectRoot = "";
			targets = (
				04725DD529E649F3006068E5 /* AFL3-0706012110033-Bryan_Anthony */,
				04725DE529E649F5006068E5 /* AFL3-0706012110033-Bryan_AnthonyTests */,
				04725DEF29E649F5006068E5 /* AFL3-0706012110033-Bryan_AnthonyUITests */,
				043BDA1329EE219600D54C4F /* MacLandmarks */,
			);
		};
/* End PBXProject section */

/* Begin PBXResourcesBuildPhase section */
		043BDA1229EE219600D54C4F /* Resources */ = {
			isa = PBXResourcesBuildPhase;
			buildActionMask = 2147483647;
			files = (
				043BDA1E29EE219900D54C4F /* Preview Assets.xcassets in Resources */,
				043BDA1B29EE219900D54C4F /* Assets.xcassets in Resources */,
				043BDA2829EE227300D54C4F /* Assets.xcassets in Resources */,
				043BDA2729EE227300D54C4F /* landmarkData.json in Resources */,
				043BDA2F29EE227300D54C4F /* hikeData.json in Resources */,
			);
			runOnlyForDeploymentPostprocessing = 0;
		};
		04725DD429E649F3006068E5 /* Resources */ = {
			isa = PBXResourcesBuildPhase;
			buildActionMask = 2147483647;
			files = (
				04725E2629E86FDA006068E5 /* hikeData.json in Resources */,
				04725DE129E649F4006068E5 /* Preview Assets.xcassets in Resources */,
				04725DDE29E649F4006068E5 /* Assets.xcassets in Resources */,
				04725E0829E655F8006068E5 /* landmarkData.json in Resources */,
			);
			runOnlyForDeploymentPostprocessing = 0;
		};
		04725DE429E649F5006068E5 /* Resources */ = {
			isa = PBXResourcesBuildPhase;
			buildActionMask = 2147483647;
			files = (
			);
			runOnlyForDeploymentPostprocessing = 0;
		};
		04725DEE29E649F5006068E5 /* Resources */ = {
			isa = PBXResourcesBuildPhase;
			buildActionMask = 2147483647;
			files = (
			);
			runOnlyForDeploymentPostprocessing = 0;
		};
/* End PBXResourcesBuildPhase section */

/* Begin PBXSourcesBuildPhase section */
		043BDA1029EE219600D54C4F /* Sources */ = {
			isa = PBXSourcesBuildPhase;
			buildActionMask = 2147483647;
			files = (
				043BDA1929EE219600D54C4F /* ContentView.swift in Sources */,
				043BDA2E29EE227300D54C4F /* LandmarkList.swift in Sources */,
				043BDA3529EE281200D54C4F /* LandmarkSettings.swift in Sources */,
				043BDA2329EE227300D54C4F /* Profile.swift in Sources */,
				043BDA2529EE227300D54C4F /* LandmarkRow.swift in Sources */,
				043BDA3329EE25EF00D54C4F /* LandmarkCommands.swift in Sources */,
				043BDA3129EE22DD00D54C4F /* LandmarkDetail.swift in Sources */,
				043BDA2A29EE227300D54C4F /* Hike.swift in Sources */,
				043BDA2629EE227300D54C4F /* FavoriteButton.swift in Sources */,
				043BDA2B29EE227300D54C4F /* ModelData.swift in Sources */,
				043BDA2429EE227300D54C4F /* CircleImage.swift in Sources */,
				043BDA2D29EE227300D54C4F /* AFL3_0706012110033_Bryan_AnthonyApp.swift in Sources */,
				043BDA2C29EE227300D54C4F /* MapView.swift in Sources */,
				043BDA2929EE227300D54C4F /* Landmark.swift in Sources */,
			);
			runOnlyForDeploymentPostprocessing = 0;
		};
		04725DD229E649F3006068E5 /* Sources */ = {
			isa = PBXSourcesBuildPhase;
			buildActionMask = 2147483647;
			files = (
				04A7FDAA29E8E89700EE6869 /* CategoryRow.swift in Sources */,
				04A7FDAE29E9002600EE6869 /* Profile.swift in Sources */,
				04725DDC29E649F3006068E5 /* ContentView.swift in Sources */,
				04A7FDA829E8E70500EE6869 /* CategoryHome.swift in Sources */,
				04382AB729EAE8D6001626FF /* FeatureCard.swift in Sources */,
				04725E2429E86E8A006068E5 /* Badge.swift in Sources */,
				04725E0C29E65754006068E5 /* ModelData.swift in Sources */,
				04725E2129E86E1D006068E5 /* RotateBadge.swift in Sources */,
				04725E0629E650DD006068E5 /* MapView.swift in Sources */,
				04725E2C29E8707F006068E5 /* HikeView.swift in Sources */,
				04382ABB29EAF40A001626FF /* PageControl.swift in Sources */,
				04725E1729E86636006068E5 /* FavoriteButton.swift in Sources */,
				04A7FDAC29E8E91300EE6869 /* CategoryItem.swift in Sources */,
				04725E3029E8708B006068E5 /* HikeDetail.swift in Sources */,
				04A7FDB329E9037A00EE6869 /* ProfileSummary.swift in Sources */,
				04725E2A29E87046006068E5 /* Hike.swift in Sources */,
				04A7FDB129E9035B00EE6869 /* ProfileHost.swift in Sources */,
				04725E1B29E86ADC006068E5 /* HexagonParameters.swift in Sources */,
				04725E1F29E86D72006068E5 /* BadgeSymbol.swift in Sources */,
				04382AB929EAE930001626FF /* PageView.swift in Sources */,
				04725E1329E65D20006068E5 /* LandmarkList.swift in Sources */,
				04382AB229EA6021001626FF /* ProfileEditor.swift in Sources */,
				04725E1529E661B6006068E5 /* LandmarkDetail.swift in Sources */,
				04725E3229E87096006068E5 /* HikeGraph.swift in Sources */,
				04725E1D29E86B97006068E5 /* BadgeBackground.swift in Sources */,
				04382AB529EAE369001626FF /* PageViewController.swift in Sources */,
				04725DDA29E649F3006068E5 /* AFL3_0706012110033_Bryan_AnthonyApp.swift in Sources */,
				04A7FDB529E903A700EE6869 /* HikeBadge.swift in Sources */,
				04725E2E29E87082006068E5 /* GraphCapsule.swift in Sources */,
				04725E0429E6501C006068E5 /* CircleImage.swift in Sources */,
				04725E1129E65859006068E5 /* LandmarkRow.swift in Sources */,
				04725E0A29E65625006068E5 /* Landmark.swift in Sources */,
			);
			runOnlyForDeploymentPostprocessing = 0;
		};
		04725DE229E649F5006068E5 /* Sources */ = {
			isa = PBXSourcesBuildPhase;
			buildActionMask = 2147483647;
			files = (
				04725DEB29E649F5006068E5 /* AFL3_0706012110033_Bryan_AnthonyTests.swift in Sources */,
			);
			runOnlyForDeploymentPostprocessing = 0;
		};
		04725DEC29E649F5006068E5 /* Sources */ = {
			isa = PBXSourcesBuildPhase;
			buildActionMask = 2147483647;
			files = (
				04725DF729E649F5006068E5 /* AFL3_0706012110033_Bryan_AnthonyUITestsLaunchTests.swift in Sources */,
				04725DF529E649F5006068E5 /* AFL3_0706012110033_Bryan_AnthonyUITests.swift in Sources */,
			);
			runOnlyForDeploymentPostprocessing = 0;
		};
/* End PBXSourcesBuildPhase section */

/* Begin PBXTargetDependency section */
		04725DE829E649F5006068E5 /* PBXTargetDependency */ = {
			isa = PBXTargetDependency;
			target = 04725DD529E649F3006068E5 /* AFL3-0706012110033-Bryan_Anthony */;
			targetProxy = 04725DE729E649F5006068E5 /* PBXContainerItemProxy */;
		};
		04725DF229E649F5006068E5 /* PBXTargetDependency */ = {
			isa = PBXTargetDependency;
			target = 04725DD529E649F3006068E5 /* AFL3-0706012110033-Bryan_Anthony */;
			targetProxy = 04725DF129E649F5006068E5 /* PBXContainerItemProxy */;
		};
/* End PBXTargetDependency section */

/* Begin XCBuildConfiguration section */
		043BDA2129EE219900D54C4F /* Debug */ = {
			isa = XCBuildConfiguration;
			buildSettings = {
				ASSETCATALOG_COMPILER_APPICON_NAME = AppIcon;
				ASSETCATALOG_COMPILER_GLOBAL_ACCENT_COLOR_NAME = AccentColor;
				CODE_SIGN_ENTITLEMENTS = MacLandmarks/MacLandmarks.entitlements;
				CODE_SIGN_STYLE = Automatic;
				COMBINE_HIDPI_IMAGES = YES;
				CURRENT_PROJECT_VERSION = 1;
				DEVELOPMENT_ASSET_PATHS = "\"MacLandmarks/Preview Content\"";
				DEVELOPMENT_TEAM = 64HTLCWMUT;
				ENABLE_HARDENED_RUNTIME = YES;
				ENABLE_PREVIEWS = YES;
				GENERATE_INFOPLIST_FILE = YES;
				INFOPLIST_KEY_NSHumanReadableCopyright = "";
				LD_RUNPATH_SEARCH_PATHS = (
					"$(inherited)",
					"@executable_path/../Frameworks",
				);
				MACOSX_DEPLOYMENT_TARGET = 13.2;
				MARKETING_VERSION = 1.0;
				PRODUCT_BUNDLE_IDENTIFIER = ciputra.MacLandmarks;
				PRODUCT_NAME = "$(TARGET_NAME)";
				SDKROOT = macosx;
				SWIFT_EMIT_LOC_STRINGS = YES;
				SWIFT_VERSION = 5.0;
			};
			name = Debug;
		};
		043BDA2229EE219900D54C4F /* Release */ = {
			isa = XCBuildConfiguration;
			buildSettings = {
				ASSETCATALOG_COMPILER_APPICON_NAME = AppIcon;
				ASSETCATALOG_COMPILER_GLOBAL_ACCENT_COLOR_NAME = AccentColor;
				CODE_SIGN_ENTITLEMENTS = MacLandmarks/MacLandmarks.entitlements;
				CODE_SIGN_STYLE = Automatic;
				COMBINE_HIDPI_IMAGES = YES;
				CURRENT_PROJECT_VERSION = 1;
				DEVELOPMENT_ASSET_PATHS = "\"MacLandmarks/Preview Content\"";
				DEVELOPMENT_TEAM = 64HTLCWMUT;
				ENABLE_HARDENED_RUNTIME = YES;
				ENABLE_PREVIEWS = YES;
				GENERATE_INFOPLIST_FILE = YES;
				INFOPLIST_KEY_NSHumanReadableCopyright = "";
				LD_RUNPATH_SEARCH_PATHS = (
					"$(inherited)",
					"@executable_path/../Frameworks",
				);
				MACOSX_DEPLOYMENT_TARGET = 13.2;
				MARKETING_VERSION = 1.0;
				PRODUCT_BUNDLE_IDENTIFIER = ciputra.MacLandmarks;
				PRODUCT_NAME = "$(TARGET_NAME)";
				SDKROOT = macosx;
				SWIFT_EMIT_LOC_STRINGS = YES;
				SWIFT_VERSION = 5.0;
			};
			name = Release;
		};
		04725DF829E649F5006068E5 /* Debug */ = {
			isa = XCBuildConfiguration;
			buildSettings = {
				ALWAYS_SEARCH_USER_PATHS = NO;
				CLANG_ANALYZER_NONNULL = YES;
				CLANG_ANALYZER_NUMBER_OBJECT_CONVERSION = YES_AGGRESSIVE;
				CLANG_CXX_LANGUAGE_STANDARD = "gnu++20";
				CLANG_ENABLE_MODULES = YES;
				CLANG_ENABLE_OBJC_ARC = YES;
				CLANG_ENABLE_OBJC_WEAK = YES;
				CLANG_WARN_BLOCK_CAPTURE_AUTORELEASING = YES;
				CLANG_WARN_BOOL_CONVERSION = YES;
				CLANG_WARN_COMMA = YES;
				CLANG_WARN_CONSTANT_CONVERSION = YES;
				CLANG_WARN_DEPRECATED_OBJC_IMPLEMENTATIONS = YES;
				CLANG_WARN_DIRECT_OBJC_ISA_USAGE = YES_ERROR;
				CLANG_WARN_DOCUMENTATION_COMMENTS = YES;
				CLANG_WARN_EMPTY_BODY = YES;
				CLANG_WARN_ENUM_CONVERSION = YES;
				CLANG_WARN_INFINITE_RECURSION = YES;
				CLANG_WARN_INT_CONVERSION = YES;
				CLANG_WARN_NON_LITERAL_NULL_CONVERSION = YES;
				CLANG_WARN_OBJC_IMPLICIT_RETAIN_SELF = YES;
				CLANG_WARN_OBJC_LITERAL_CONVERSION = YES;
				CLANG_WARN_OBJC_ROOT_CLASS = YES_ERROR;
				CLANG_WARN_QUOTED_INCLUDE_IN_FRAMEWORK_HEADER = YES;
				CLANG_WARN_RANGE_LOOP_ANALYSIS = YES;
				CLANG_WARN_STRICT_PROTOTYPES = YES;
				CLANG_WARN_SUSPICIOUS_MOVE = YES;
				CLANG_WARN_UNGUARDED_AVAILABILITY = YES_AGGRESSIVE;
				CLANG_WARN_UNREACHABLE_CODE = YES;
				CLANG_WARN__DUPLICATE_METHOD_MATCH = YES;
				COPY_PHASE_STRIP = NO;
				DEBUG_INFORMATION_FORMAT = dwarf;
				ENABLE_STRICT_OBJC_MSGSEND = YES;
				ENABLE_TESTABILITY = YES;
				GCC_C_LANGUAGE_STANDARD = gnu11;
				GCC_DYNAMIC_NO_PIC = NO;
				GCC_NO_COMMON_BLOCKS = YES;
				GCC_OPTIMIZATION_LEVEL = 0;
				GCC_PREPROCESSOR_DEFINITIONS = (
					"DEBUG=1",
					"$(inherited)",
				);
				GCC_WARN_64_TO_32_BIT_CONVERSION = YES;
				GCC_WARN_ABOUT_RETURN_TYPE = YES_ERROR;
				GCC_WARN_UNDECLARED_SELECTOR = YES;
				GCC_WARN_UNINITIALIZED_AUTOS = YES_AGGRESSIVE;
				GCC_WARN_UNUSED_FUNCTION = YES;
				GCC_WARN_UNUSED_VARIABLE = YES;
				IPHONEOS_DEPLOYMENT_TARGET = 16.2;
				MTL_ENABLE_DEBUG_INFO = INCLUDE_SOURCE;
				MTL_FAST_MATH = YES;
				ONLY_ACTIVE_ARCH = YES;
				SDKROOT = iphoneos;
				SWIFT_ACTIVE_COMPILATION_CONDITIONS = DEBUG;
				SWIFT_OPTIMIZATION_LEVEL = "-Onone";
			};
			name = Debug;
		};
		04725DF929E649F5006068E5 /* Release */ = {
			isa = XCBuildConfiguration;
			buildSettings = {
				ALWAYS_SEARCH_USER_PATHS = NO;
				CLANG_ANALYZER_NONNULL = YES;
				CLANG_ANALYZER_NUMBER_OBJECT_CONVERSION = YES_AGGRESSIVE;
				CLANG_CXX_LANGUAGE_STANDARD = "gnu++20";
				CLANG_ENABLE_MODULES = YES;
				CLANG_ENABLE_OBJC_ARC = YES;
				CLANG_ENABLE_OBJC_WEAK = YES;
				CLANG_WARN_BLOCK_CAPTURE_AUTORELEASING = YES;
				CLANG_WARN_BOOL_CONVERSION = YES;
				CLANG_WARN_COMMA = YES;
				CLANG_WARN_CONSTANT_CONVERSION = YES;
				CLANG_WARN_DEPRECATED_OBJC_IMPLEMENTATIONS = YES;
				CLANG_WARN_DIRECT_OBJC_ISA_USAGE = YES_ERROR;
				CLANG_WARN_DOCUMENTATION_COMMENTS = YES;
				CLANG_WARN_EMPTY_BODY = YES;
				CLANG_WARN_ENUM_CONVERSION = YES;
				CLANG_WARN_INFINITE_RECURSION = YES;
				CLANG_WARN_INT_CONVERSION = YES;
				CLANG_WARN_NON_LITERAL_NULL_CONVERSION = YES;
				CLANG_WARN_OBJC_IMPLICIT_RETAIN_SELF = YES;
				CLANG_WARN_OBJC_LITERAL_CONVERSION = YES;
				CLANG_WARN_OBJC_ROOT_CLASS = YES_ERROR;
				CLANG_WARN_QUOTED_INCLUDE_IN_FRAMEWORK_HEADER = YES;
				CLANG_WARN_RANGE_LOOP_ANALYSIS = YES;
				CLANG_WARN_STRICT_PROTOTYPES = YES;
				CLANG_WARN_SUSPICIOUS_MOVE = YES;
				CLANG_WARN_UNGUARDED_AVAILABILITY = YES_AGGRESSIVE;
				CLANG_WARN_UNREACHABLE_CODE = YES;
				CLANG_WARN__DUPLICATE_METHOD_MATCH = YES;
				COPY_PHASE_STRIP = NO;
				DEBUG_INFORMATION_FORMAT = "dwarf-with-dsym";
				ENABLE_NS_ASSERTIONS = NO;
				ENABLE_STRICT_OBJC_MSGSEND = YES;
				GCC_C_LANGUAGE_STANDARD = gnu11;
				GCC_NO_COMMON_BLOCKS = YES;
				GCC_WARN_64_TO_32_BIT_CONVERSION = YES;
				GCC_WARN_ABOUT_RETURN_TYPE = YES_ERROR;
				GCC_WARN_UNDECLARED_SELECTOR = YES;
				GCC_WARN_UNINITIALIZED_AUTOS = YES_AGGRESSIVE;
				GCC_WARN_UNUSED_FUNCTION = YES;
				GCC_WARN_UNUSED_VARIABLE = YES;
				IPHONEOS_DEPLOYMENT_TARGET = 16.2;
				MTL_ENABLE_DEBUG_INFO = NO;
				MTL_FAST_MATH = YES;
				SDKROOT = iphoneos;
				SWIFT_COMPILATION_MODE = wholemodule;
				SWIFT_OPTIMIZATION_LEVEL = "-O";
				VALIDATE_PRODUCT = YES;
			};
			name = Release;
		};
		04725DFB29E649F5006068E5 /* Debug */ = {
			isa = XCBuildConfiguration;
			buildSettings = {
				ALWAYS_EMBED_SWIFT_STANDARD_LIBRARIES = YES;
				ASSETCATALOG_COMPILER_APPICON_NAME = AppIcon;
				ASSETCATALOG_COMPILER_GLOBAL_ACCENT_COLOR_NAME = AccentColor;
				CODE_SIGN_STYLE = Automatic;
				CURRENT_PROJECT_VERSION = 1;
				DEVELOPMENT_ASSET_PATHS = "\"AFL3-0706012110033-Bryan_Anthony/Preview Content\"";
				DEVELOPMENT_TEAM = 64HTLCWMUT;
				ENABLE_PREVIEWS = YES;
				GENERATE_INFOPLIST_FILE = YES;
				INFOPLIST_KEY_UIApplicationSceneManifest_Generation = YES;
				INFOPLIST_KEY_UIApplicationSupportsIndirectInputEvents = YES;
				INFOPLIST_KEY_UILaunchScreen_Generation = YES;
				INFOPLIST_KEY_UISupportedInterfaceOrientations_iPad = "UIInterfaceOrientationPortrait UIInterfaceOrientationPortraitUpsideDown UIInterfaceOrientationLandscapeLeft UIInterfaceOrientationLandscapeRight";
				INFOPLIST_KEY_UISupportedInterfaceOrientations_iPhone = "UIInterfaceOrientationPortrait UIInterfaceOrientationLandscapeLeft UIInterfaceOrientationLandscapeRight";
				LD_RUNPATH_SEARCH_PATHS = (
					"$(inherited)",
					"@executable_path/Frameworks",
				);
				MARKETING_VERSION = 1.0;
				PRODUCT_BUNDLE_IDENTIFIER = "ciputra.AFL3-0706012110033-Bryan-Anthony";
				PRODUCT_NAME = "$(TARGET_NAME)";
				SWIFT_EMIT_LOC_STRINGS = YES;
				SWIFT_VERSION = 5.0;
				TARGETED_DEVICE_FAMILY = "1,2";
			};
			name = Debug;
		};
		04725DFC29E649F5006068E5 /* Release */ = {
			isa = XCBuildConfiguration;
			buildSettings = {
				ALWAYS_EMBED_SWIFT_STANDARD_LIBRARIES = YES;
				ASSETCATALOG_COMPILER_APPICON_NAME = AppIcon;
				ASSETCATALOG_COMPILER_GLOBAL_ACCENT_COLOR_NAME = AccentColor;
				CODE_SIGN_STYLE = Automatic;
				CURRENT_PROJECT_VERSION = 1;
				DEVELOPMENT_ASSET_PATHS = "\"AFL3-0706012110033-Bryan_Anthony/Preview Content\"";
				DEVELOPMENT_TEAM = 64HTLCWMUT;
				ENABLE_PREVIEWS = YES;
				GENERATE_INFOPLIST_FILE = YES;
				INFOPLIST_KEY_UIApplicationSceneManifest_Generation = YES;
				INFOPLIST_KEY_UIApplicationSupportsIndirectInputEvents = YES;
				INFOPLIST_KEY_UILaunchScreen_Generation = YES;
				INFOPLIST_KEY_UISupportedInterfaceOrientations_iPad = "UIInterfaceOrientationPortrait UIInterfaceOrientationPortraitUpsideDown UIInterfaceOrientationLandscapeLeft UIInterfaceOrientationLandscapeRight";
				INFOPLIST_KEY_UISupportedInterfaceOrientations_iPhone = "UIInterfaceOrientationPortrait UIInterfaceOrientationLandscapeLeft UIInterfaceOrientationLandscapeRight";
				LD_RUNPATH_SEARCH_PATHS = (
					"$(inherited)",
					"@executable_path/Frameworks",
				);
				MARKETING_VERSION = 1.0;
				PRODUCT_BUNDLE_IDENTIFIER = "ciputra.AFL3-0706012110033-Bryan-Anthony";
				PRODUCT_NAME = "$(TARGET_NAME)";
				SWIFT_EMIT_LOC_STRINGS = YES;
				SWIFT_VERSION = 5.0;
				TARGETED_DEVICE_FAMILY = "1,2";
			};
			name = Release;
		};
		04725DFE29E649F5006068E5 /* Debug */ = {
			isa = XCBuildConfiguration;
			buildSettings = {
				ALWAYS_EMBED_SWIFT_STANDARD_LIBRARIES = YES;
				BUNDLE_LOADER = "$(TEST_HOST)";
				CODE_SIGN_STYLE = Automatic;
				CURRENT_PROJECT_VERSION = 1;
				DEVELOPMENT_TEAM = 64HTLCWMUT;
				GENERATE_INFOPLIST_FILE = YES;
				IPHONEOS_DEPLOYMENT_TARGET = 16.2;
				MARKETING_VERSION = 1.0;
				PRODUCT_BUNDLE_IDENTIFIER = "ciputra.AFL3-0706012110033-Bryan-AnthonyTests";
				PRODUCT_NAME = "$(TARGET_NAME)";
				SWIFT_EMIT_LOC_STRINGS = NO;
				SWIFT_VERSION = 5.0;
				TARGETED_DEVICE_FAMILY = "1,2";
				TEST_HOST = "$(BUILT_PRODUCTS_DIR)/AFL3-0706012110033-Bryan_Anthony.app/$(BUNDLE_EXECUTABLE_FOLDER_PATH)/AFL3-0706012110033-Bryan_Anthony";
			};
			name = Debug;
		};
		04725DFF29E649F5006068E5 /* Release */ = {
			isa = XCBuildConfiguration;
			buildSettings = {
				ALWAYS_EMBED_SWIFT_STANDARD_LIBRARIES = YES;
				BUNDLE_LOADER = "$(TEST_HOST)";
				CODE_SIGN_STYLE = Automatic;
				CURRENT_PROJECT_VERSION = 1;
				DEVELOPMENT_TEAM = 64HTLCWMUT;
				GENERATE_INFOPLIST_FILE = YES;
				IPHONEOS_DEPLOYMENT_TARGET = 16.2;
				MARKETING_VERSION = 1.0;
				PRODUCT_BUNDLE_IDENTIFIER = "ciputra.AFL3-0706012110033-Bryan-AnthonyTests";
				PRODUCT_NAME = "$(TARGET_NAME)";
				SWIFT_EMIT_LOC_STRINGS = NO;
				SWIFT_VERSION = 5.0;
				TARGETED_DEVICE_FAMILY = "1,2";
				TEST_HOST = "$(BUILT_PRODUCTS_DIR)/AFL3-0706012110033-Bryan_Anthony.app/$(BUNDLE_EXECUTABLE_FOLDER_PATH)/AFL3-0706012110033-Bryan_Anthony";
			};
			name = Release;
		};
		04725E0129E649F5006068E5 /* Debug */ = {
			isa = XCBuildConfiguration;
			buildSettings = {
				ALWAYS_EMBED_SWIFT_STANDARD_LIBRARIES = YES;
				CODE_SIGN_STYLE = Automatic;
				CURRENT_PROJECT_VERSION = 1;
				DEVELOPMENT_TEAM = 64HTLCWMUT;
				GENERATE_INFOPLIST_FILE = YES;
				MARKETING_VERSION = 1.0;
				PRODUCT_BUNDLE_IDENTIFIER = "ciputra.AFL3-0706012110033-Bryan-AnthonyUITests";
				PRODUCT_NAME = "$(TARGET_NAME)";
				SWIFT_EMIT_LOC_STRINGS = NO;
				SWIFT_VERSION = 5.0;
				TARGETED_DEVICE_FAMILY = "1,2";
				TEST_TARGET_NAME = "AFL3-0706012110033-Bryan_Anthony";
			};
			name = Debug;
		};
		04725E0229E649F5006068E5 /* Release */ = {
			isa = XCBuildConfiguration;
			buildSettings = {
				ALWAYS_EMBED_SWIFT_STANDARD_LIBRARIES = YES;
				CODE_SIGN_STYLE = Automatic;
				CURRENT_PROJECT_VERSION = 1;
				DEVELOPMENT_TEAM = 64HTLCWMUT;
				GENERATE_INFOPLIST_FILE = YES;
				MARKETING_VERSION = 1.0;
				PRODUCT_BUNDLE_IDENTIFIER = "ciputra.AFL3-0706012110033-Bryan-AnthonyUITests";
				PRODUCT_NAME = "$(TARGET_NAME)";
				SWIFT_EMIT_LOC_STRINGS = NO;
				SWIFT_VERSION = 5.0;
				TARGETED_DEVICE_FAMILY = "1,2";
				TEST_TARGET_NAME = "AFL3-0706012110033-Bryan_Anthony";
			};
			name = Release;
		};
/* End XCBuildConfiguration section */

/* Begin XCConfigurationList section */
		043BDA2029EE219900D54C4F /* Build configuration list for PBXNativeTarget "MacLandmarks" */ = {
			isa = XCConfigurationList;
			buildConfigurations = (
				043BDA2129EE219900D54C4F /* Debug */,
				043BDA2229EE219900D54C4F /* Release */,
			);
			defaultConfigurationIsVisible = 0;
			defaultConfigurationName = Release;
		};
		04725DD129E649F3006068E5 /* Build configuration list for PBXProject "AFL3-0706012110033-Bryan_Anthony" */ = {
			isa = XCConfigurationList;
			buildConfigurations = (
				04725DF829E649F5006068E5 /* Debug */,
				04725DF929E649F5006068E5 /* Release */,
			);
			defaultConfigurationIsVisible = 0;
			defaultConfigurationName = Release;
		};
		04725DFA29E649F5006068E5 /* Build configuration list for PBXNativeTarget "AFL3-0706012110033-Bryan_Anthony" */ = {
			isa = XCConfigurationList;
			buildConfigurations = (
				04725DFB29E649F5006068E5 /* Debug */,
				04725DFC29E649F5006068E5 /* Release */,
			);
			defaultConfigurationIsVisible = 0;
			defaultConfigurationName = Release;
		};
		04725DFD29E649F5006068E5 /* Build configuration list for PBXNativeTarget "AFL3-0706012110033-Bryan_AnthonyTests" */ = {
			isa = XCConfigurationList;
			buildConfigurations = (
				04725DFE29E649F5006068E5 /* Debug */,
				04725DFF29E649F5006068E5 /* Release */,
			);
			defaultConfigurationIsVisible = 0;
			defaultConfigurationName = Release;
		};
		04725E0029E649F5006068E5 /* Build configuration list for PBXNativeTarget "AFL3-0706012110033-Bryan_AnthonyUITests" */ = {
			isa = XCConfigurationList;
			buildConfigurations = (
				04725E0129E649F5006068E5 /* Debug */,
				04725E0229E649F5006068E5 /* Release */,
			);
			defaultConfigurationIsVisible = 0;
			defaultConfigurationName = Release;
		};
/* End XCConfigurationList section */
	};
	rootObject = 04725DCE29E649F3006068E5 /* Project object */;
}
