// !$*UTF8*$!
{
	archiveVersion = 1;
	classes = {
	};
	objectVersion = 56;
	objects = {

/* Begin PBXBuildFile section */
		04725DDA29E649F3006068E5 /* AFL3_0706012110033_Bryan_AnthonyApp.swift in Sources */ = {isa = PBXBuildFile; fileRef = 04725DD929E649F3006068E5 /* AFL3_0706012110033_Bryan_AnthonyApp.swift */; };
		04725DDC29E649F3006068E5 /* ContentView.swift in Sources */ = {isa = PBXBuildFile; fileRef = 04725DDB29E649F3006068E5 /* ContentView.swift */; };
		04725DDE29E649F4006068E5 /* Assets.xcassets in Resources */ = {isa = PBXBuildFile; fileRef = 04725DDD29E649F4006068E5 /* Assets.xcassets */; };
		04725DE129E649F4006068E5 /* Preview Assets.xcassets in Resources */ = {isa = PBXBuildFile; fileRef = 04725DE029E649F4006068E5 /* Preview Assets.xcassets */; };
		04725DEB29E649F5006068E5 /* AFL3_0706012110033_Bryan_AnthonyTests.swift in Sources */ = {isa = PBXBuildFile; fileRef = 04725DEA29E649F5006068E5 /* AFL3_0706012110033_Bryan_AnthonyTests.swift */; };
		04725DF529E649F5006068E5 /* AFL3_0706012110033_Bryan_AnthonyUITests.swift in Sources */ = {isa = PBXBuildFile; fileRef = 04725DF429E649F5006068E5 /* AFL3_0706012110033_Bryan_AnthonyUITests.swift */; };
		04725DF729E649F5006068E5 /* AFL3_0706012110033_Bryan_AnthonyUITestsLaunchTests.swift in Sources */ = {isa = PBXBuildFile; fileRef = 04725DF629E649F5006068E5 /* AFL3_0706012110033_Bryan_AnthonyUITestsLaunchTests.swift */; };
		04725E0429E6501C006068E5 /* CircleImage.swift in Sources */ = {isa = PBXBuildFile; fileRef = 04725E0329E6501C006068E5 /* CircleImage.swift */; };
		04725E0629E650DD006068E5 /* MapView.swift in Sources */ = {isa = PBXBuildFile; fileRef = 04725E0529E650DD006068E5 /* MapView.swift */; };
		04725E0829E655F8006068E5 /* landmarkData.json in Resources */ = {isa = PBXBuildFile; fileRef = 04725E0729E655F8006068E5 /* landmarkData.json */; };
		04725E0A29E65625006068E5 /* Landmark.swift in Sources */ = {isa = PBXBuildFile; fileRef = 04725E0929E65625006068E5 /* Landmark.swift */; };
		04725E0C29E65754006068E5 /* ModelData.swift in Sources */ = {isa = PBXBuildFile; fileRef = 04725E0B29E65754006068E5 /* ModelData.swift */; };
/* End PBXBuildFile section */

/* Begin PBXContainerItemProxy section */
		04725DE729E649F5006068E5 /* PBXContainerItemProxy */ = {
			isa = PBXContainerItemProxy;
			containerPortal = 04725DCE29E649F3006068E5 /* Project object */;
			proxyType = 1;
			remoteGlobalIDString = 04725DD529E649F3006068E5;
			remoteInfo = "AFL3-0706012110033-Bryan_Anthony";
		};
		04725DF129E649F5006068E5 /* PBXContainerItemProxy */ = {
			isa = PBXContainerItemProxy;
			containerPortal = 04725DCE29E649F3006068E5 /* Project object */;
			proxyType = 1;
			remoteGlobalIDString = 04725DD529E649F3006068E5;
			remoteInfo = "AFL3-0706012110033-Bryan_Anthony";
		};
/* End PBXContainerItemProxy section */

/* Begin PBXFileReference section */
		04725DD629E649F3006068E5 /* AFL3-0706012110033-Bryan_Anthony.app */ = {isa = PBXFileReference; explicitFileType = wrapper.application; includeInIndex = 0; path = "AFL3-0706012110033-Bryan_Anthony.app"; sourceTree = BUILT_PRODUCTS_DIR; };
		04725DD929E649F3006068E5 /* AFL3_0706012110033_Bryan_AnthonyApp.swift */ = {isa = PBXFileReference; lastKnownFileType = sourcecode.swift; path = AFL3_0706012110033_Bryan_AnthonyApp.swift; sourceTree = "<group>"; };
		04725DDB29E649F3006068E5 /* ContentView.swift */ = {isa = PBXFileReference; lastKnownFileType = sourcecode.swift; path = ContentView.swift; sourceTree = "<group>"; };
		04725DDD29E649F4006068E5 /* Assets.xcassets */ = {isa = PBXFileReference; lastKnownFileType = folder.assetcatalog; path = Assets.xcassets; sourceTree = "<group>"; };
		04725DE029E649F4006068E5 /* Preview Assets.xcassets */ = {isa = PBXFileReference; lastKnownFileType = folder.assetcatalog; path = "Preview Assets.xcassets"; sourceTree = "<group>"; };
		04725DE629E649F5006068E5 /* AFL3-0706012110033-Bryan_AnthonyTests.xctest */ = {isa = PBXFileReference; explicitFileType = wrapper.cfbundle; includeInIndex = 0; path = "AFL3-0706012110033-Bryan_AnthonyTests.xctest"; sourceTree = BUILT_PRODUCTS_DIR; };
		04725DEA29E649F5006068E5 /* AFL3_0706012110033_Bryan_AnthonyTests.swift */ = {isa = PBXFileReference; lastKnownFileType = sourcecode.swift; path = AFL3_0706012110033_Bryan_AnthonyTests.swift; sourceTree = "<group>"; };
		04725DF029E649F5006068E5 /* AFL3-0706012110033-Bryan_AnthonyUITests.xctest */ = {isa = PBXFileReference; explicitFileType = wrapper.cfbundle; includeInIndex = 0; path = "AFL3-0706012110033-Bryan_AnthonyUITests.xctest"; sourceTree = BUILT_PRODUCTS_DIR; };
		04725DF429E649F5006068E5 /* AFL3_0706012110033_Bryan_AnthonyUITests.swift */ = {isa = PBXFileReference; lastKnownFileType = sourcecode.swift; path = AFL3_0706012110033_Bryan_AnthonyUITests.swift; sourceTree = "<group>"; };
		04725DF629E649F5006068E5 /* AFL3_0706012110033_Bryan_AnthonyUITestsLaunchTests.swift */ = {isa = PBXFileReference; lastKnownFileType = sourcecode.swift; path = AFL3_0706012110033_Bryan_AnthonyUITestsLaunchTests.swift; sourceTree = "<group>"; };
		04725E0329E6501C006068E5 /* CircleImage.swift */ = {isa = PBXFileReference; lastKnownFileType = sourcecode.swift; path = CircleImage.swift; sourceTree = "<group>"; };
		04725E0529E650DD006068E5 /* MapView.swift */ = {isa = PBXFileReference; lastKnownFileType = sourcecode.swift; path = MapView.swift; sourceTree = "<group>"; };
		04725E0729E655F8006068E5 /* landmarkData.json */ = {isa = PBXFileReference; fileEncoding = 4; lastKnownFileType = text.json; path = landmarkData.json; sourceTree = "<group>"; };
		04725E0929E65625006068E5 /* Landmark.swift */ = {isa = PBXFileReference; lastKnownFileType = sourcecode.swift; path = Landmark.swift; sourceTree = "<group>"; };
		04725E0B29E65754006068E5 /* ModelData.swift */ = {isa = PBXFileReference; lastKnownFileType = sourcecode.swift; path = ModelData.swift; sourceTree = "<group>"; };
/* End PBXFileReference section */

/* Begin PBXFrameworksBuildPhase section */
		04725DD329E649F3006068E5 /* Frameworks */ = {
			isa = PBXFrameworksBuildPhase;
			buildActionMask = 2147483647;
			files = (
			);
			runOnlyForDeploymentPostprocessing = 0;
		};
		04725DE329E649F5006068E5 /* Frameworks */ = {
			isa = PBXFrameworksBuildPhase;
			buildActionMask = 2147483647;
			files = (
			);
			runOnlyForDeploymentPostprocessing = 0;
		};
		04725DED29E649F5006068E5 /* Frameworks */ = {
			isa = PBXFrameworksBuildPhase;
			buildActionMask = 2147483647;
			files = (
			);
			runOnlyForDeploymentPostprocessing = 0;
		};
/* End PBXFrameworksBuildPhase section */

/* Begin PBXGroup section */
		04725DCD29E649F3006068E5 = {
			isa = PBXGroup;
			children = (
				04725DD829E649F3006068E5 /* AFL3-0706012110033-Bryan_Anthony */,
				04725DE929E649F5006068E5 /* AFL3-0706012110033-Bryan_AnthonyTests */,
				04725DF329E649F5006068E5 /* AFL3-0706012110033-Bryan_AnthonyUITests */,
				04725DD729E649F3006068E5 /* Products */,
			);
			sourceTree = "<group>";
		};
		04725DD729E649F3006068E5 /* Products */ = {
			isa = PBXGroup;
			children = (
				04725DD629E649F3006068E5 /* AFL3-0706012110033-Bryan_Anthony.app */,
				04725DE629E649F5006068E5 /* AFL3-0706012110033-Bryan_AnthonyTests.xctest */,
				04725DF029E649F5006068E5 /* AFL3-0706012110033-Bryan_AnthonyUITests.xctest */,
			);
			name = Products;
			sourceTree = "<group>";
		};
		04725DD829E649F3006068E5 /* AFL3-0706012110033-Bryan_Anthony */ = {
			isa = PBXGroup;
			children = (
				04725DD929E649F3006068E5 /* AFL3_0706012110033_Bryan_AnthonyApp.swift */,
				04725DDD29E649F4006068E5 /* Assets.xcassets */,
				04725E0F29E657E7006068E5 /* Resources */,
				04725E0E29E657D1006068E5 /* Model */,
				04725E0D29E657B9006068E5 /* Views */,
				04725DDF29E649F4006068E5 /* Preview Content */,
			);
			path = "AFL3-0706012110033-Bryan_Anthony";
			sourceTree = "<group>";
		};
		04725DDF29E649F4006068E5 /* Preview Content */ = {
			isa = PBXGroup;
			children = (
				04725DE029E649F4006068E5 /* Preview Assets.xcassets */,
			);
			path = "Preview Content";
			sourceTree = "<group>";
		};
		04725DE929E649F5006068E5 /* AFL3-0706012110033-Bryan_AnthonyTests */ = {
			isa = PBXGroup;
			children = (
				04725DEA29E649F5006068E5 /* AFL3_0706012110033_Bryan_AnthonyTests.swift */,
			);
			path = "AFL3-0706012110033-Bryan_AnthonyTests";
			sourceTree = "<group>";
		};
		04725DF329E649F5006068E5 /* AFL3-0706012110033-Bryan_AnthonyUITests */ = {
			isa = PBXGroup;
			children = (
				04725DF429E649F5006068E5 /* AFL3_0706012110033_Bryan_AnthonyUITests.swift */,
				04725DF629E649F5006068E5 /* AFL3_0706012110033_Bryan_AnthonyUITestsLaunchTests.swift */,
			);
			path = "AFL3-0706012110033-Bryan_AnthonyUITests";
			sourceTree = "<group>";
		};
		04725E0D29E657B9006068E5 /* Views */ = {
			isa = PBXGroup;
			children = (
				04725E0529E650DD006068E5 /* MapView.swift */,
				04725DDB29E649F3006068E5 /* ContentView.swift */,
				04725E0329E6501C006068E5 /* CircleImage.swift */,
			);
			path = Views;
			sourceTree = "<group>";
		};
		04725E0E29E657D1006068E5 /* Model */ = {
			isa = PBXGroup;
			children = (
				04725E0929E65625006068E5 /* Landmark.swift */,
				04725E0B29E65754006068E5 /* ModelData.swift */,
			);
			path = Model;
			sourceTree = "<group>";
		};
		04725E0F29E657E7006068E5 /* Resources */ = {
			isa = PBXGroup;
			children = (
				04725E0729E655F8006068E5 /* landmarkData.json */,
			);
			path = Resources;
			sourceTree = "<group>";
		};
/* End PBXGroup section */

/* Begin PBXNativeTarget section */
		04725DD529E649F3006068E5 /* AFL3-0706012110033-Bryan_Anthony */ = {
			isa = PBXNativeTarget;
			buildConfigurationList = 04725DFA29E649F5006068E5 /* Build configuration list for PBXNativeTarget "AFL3-0706012110033-Bryan_Anthony" */;
			buildPhases = (
				04725DD229E649F3006068E5 /* Sources */,
				04725DD329E649F3006068E5 /* Frameworks */,
				04725DD429E649F3006068E5 /* Resources */,
			);
			buildRules = (
			);
			dependencies = (
			);
			name = "AFL3-0706012110033-Bryan_Anthony";
			productName = "AFL3-0706012110033-Bryan_Anthony";
			productReference = 04725DD629E649F3006068E5 /* AFL3-0706012110033-Bryan_Anthony.app */;
			productType = "com.apple.product-type.application";
		};
		04725DE529E649F5006068E5 /* AFL3-0706012110033-Bryan_AnthonyTests */ = {
			isa = PBXNativeTarget;
			buildConfigurationList = 04725DFD29E649F5006068E5 /* Build configuration list for PBXNativeTarget "AFL3-0706012110033-Bryan_AnthonyTests" */;
			buildPhases = (
				04725DE229E649F5006068E5 /* Sources */,
				04725DE329E649F5006068E5 /* Frameworks */,
				04725DE429E649F5006068E5 /* Resources */,
			);
			buildRules = (
			);
			dependencies = (
				04725DE829E649F5006068E5 /* PBXTargetDependency */,
			);
			name = "AFL3-0706012110033-Bryan_AnthonyTests";
			productName = "AFL3-0706012110033-Bryan_AnthonyTests";
			productReference = 04725DE629E649F5006068E5 /* AFL3-0706012110033-Bryan_AnthonyTests.xctest */;
			productType = "com.apple.product-type.bundle.unit-test";
		};
		04725DEF29E649F5006068E5 /* AFL3-0706012110033-Bryan_AnthonyUITests */ = {
			isa = PBXNativeTarget;
			buildConfigurationList = 04725E0029E649F5006068E5 /* Build configuration list for PBXNativeTarget "AFL3-0706012110033-Bryan_AnthonyUITests" */;
			buildPhases = (
				04725DEC29E649F5006068E5 /* Sources */,
				04725DED29E649F5006068E5 /* Frameworks */,
				04725DEE29E649F5006068E5 /* Resources */,
			);
			buildRules = (
			);
			dependencies = (
				04725DF229E649F5006068E5 /* PBXTargetDependency */,
			);
			name = "AFL3-0706012110033-Bryan_AnthonyUITests";
			productName = "AFL3-0706012110033-Bryan_AnthonyUITests";
			productReference = 04725DF029E649F5006068E5 /* AFL3-0706012110033-Bryan_AnthonyUITests.xctest */;
			productType = "com.apple.product-type.bundle.ui-testing";
		};
/* End PBXNativeTarget section */

/* Begin PBXProject section */
		04725DCE29E649F3006068E5 /* Project object */ = {
			isa = PBXProject;
			attributes = {
				BuildIndependentTargetsInParallel = 1;
				LastSwiftUpdateCheck = 1420;
				LastUpgradeCheck = 1420;
				TargetAttributes = {
					04725DD529E649F3006068E5 = {
						CreatedOnToolsVersion = 14.2;
					};
					04725DE529E649F5006068E5 = {
						CreatedOnToolsVersion = 14.2;
						TestTargetID = 04725DD529E649F3006068E5;
					};
					04725DEF29E649F5006068E5 = {
						CreatedOnToolsVersion = 14.2;
						TestTargetID = 04725DD529E649F3006068E5;
					};
				};
			};
			buildConfigurationList = 04725DD129E649F3006068E5 /* Build configuration list for PBXProject "AFL3-0706012110033-Bryan_Anthony" */;
			compatibilityVersion = "Xcode 14.0";
			developmentRegion = en;
			hasScannedForEncodings = 0;
			knownRegions = (
				en,
				Base,
			);
			mainGroup = 04725DCD29E649F3006068E5;
			productRefGroup = 04725DD729E649F3006068E5 /* Products */;
			projectDirPath = "";
			projectRoot = "";
			targets = (
				04725DD529E649F3006068E5 /* AFL3-0706012110033-Bryan_Anthony */,
				04725DE529E649F5006068E5 /* AFL3-0706012110033-Bryan_AnthonyTests */,
				04725DEF29E649F5006068E5 /* AFL3-0706012110033-Bryan_AnthonyUITests */,
			);
		};
/* End PBXProject section */

/* Begin PBXResourcesBuildPhase section */
		04725DD429E649F3006068E5 /* Resources */ = {
			isa = PBXResourcesBuildPhase;
			buildActionMask = 2147483647;
			files = (
				04725DE129E649F4006068E5 /* Preview Assets.xcassets in Resources */,
				04725DDE29E649F4006068E5 /* Assets.xcassets in Resources */,
				04725E0829E655F8006068E5 /* landmarkData.json in Resources */,
			);
			runOnlyForDeploymentPostprocessing = 0;
		};
		04725DE429E649F5006068E5 /* Resources */ = {
			isa = PBXResourcesBuildPhase;
			buildActionMask = 2147483647;
			files = (
			);
			runOnlyForDeploymentPostprocessing = 0;
		};
		04725DEE29E649F5006068E5 /* Resources */ = {
			isa = PBXResourcesBuildPhase;
			buildActionMask = 2147483647;
			files = (
			);
			runOnlyForDeploymentPostprocessing = 0;
		};
/* End PBXResourcesBuildPhase section */

/* Begin PBXSourcesBuildPhase section */
		04725DD229E649F3006068E5 /* Sources */ = {
			isa = PBXSourcesBuildPhase;
			buildActionMask = 2147483647;
			files = (
				04725DDC29E649F3006068E5 /* ContentView.swift in Sources */,
				04725E0C29E65754006068E5 /* ModelData.swift in Sources */,
				04725E0629E650DD006068E5 /* MapView.swift in Sources */,
				04725DDA29E649F3006068E5 /* AFL3_0706012110033_Bryan_AnthonyApp.swift in Sources */,
				04725E0429E6501C006068E5 /* CircleImage.swift in Sources */,
				04725E0A29E65625006068E5 /* Landmark.swift in Sources */,
			);
			runOnlyForDeploymentPostprocessing = 0;
		};
		04725DE229E649F5006068E5 /* Sources */ = {
			isa = PBXSourcesBuildPhase;
			buildActionMask = 2147483647;
			files = (
				04725DEB29E649F5006068E5 /* AFL3_0706012110033_Bryan_AnthonyTests.swift in Sources */,
			);
			runOnlyForDeploymentPostprocessing = 0;
		};
		04725DEC29E649F5006068E5 /* Sources */ = {
			isa = PBXSourcesBuildPhase;
			buildActionMask = 2147483647;
			files = (
				04725DF729E649F5006068E5 /* AFL3_0706012110033_Bryan_AnthonyUITestsLaunchTests.swift in Sources */,
				04725DF529E649F5006068E5 /* AFL3_0706012110033_Bryan_AnthonyUITests.swift in Sources */,
			);
			runOnlyForDeploymentPostprocessing = 0;
		};
/* End PBXSourcesBuildPhase section */

/* Begin PBXTargetDependency section */
		04725DE829E649F5006068E5 /* PBXTargetDependency */ = {
			isa = PBXTargetDependency;
			target = 04725DD529E649F3006068E5 /* AFL3-0706012110033-Bryan_Anthony */;
			targetProxy = 04725DE729E649F5006068E5 /* PBXContainerItemProxy */;
		};
		04725DF229E649F5006068E5 /* PBXTargetDependency */ = {
			isa = PBXTargetDependency;
			target = 04725DD529E649F3006068E5 /* AFL3-0706012110033-Bryan_Anthony */;
			targetProxy = 04725DF129E649F5006068E5 /* PBXContainerItemProxy */;
		};
/* End PBXTargetDependency section */

/* Begin XCBuildConfiguration section */
		04725DF829E649F5006068E5 /* Debug */ = {
			isa = XCBuildConfiguration;
			buildSettings = {
				ALWAYS_SEARCH_USER_PATHS = NO;
				CLANG_ANALYZER_NONNULL = YES;
				CLANG_ANALYZER_NUMBER_OBJECT_CONVERSION = YES_AGGRESSIVE;
				CLANG_CXX_LANGUAGE_STANDARD = "gnu++20";
				CLANG_ENABLE_MODULES = YES;
				CLANG_ENABLE_OBJC_ARC = YES;
				CLANG_ENABLE_OBJC_WEAK = YES;
				CLANG_WARN_BLOCK_CAPTURE_AUTORELEASING = YES;
				CLANG_WARN_BOOL_CONVERSION = YES;
				CLANG_WARN_COMMA = YES;
				CLANG_WARN_CONSTANT_CONVERSION = YES;
				CLANG_WARN_DEPRECATED_OBJC_IMPLEMENTATIONS = YES;
				CLANG_WARN_DIRECT_OBJC_ISA_USAGE = YES_ERROR;
				CLANG_WARN_DOCUMENTATION_COMMENTS = YES;
				CLANG_WARN_EMPTY_BODY = YES;
				CLANG_WARN_ENUM_CONVERSION = YES;
				CLANG_WARN_INFINITE_RECURSION = YES;
				CLANG_WARN_INT_CONVERSION = YES;
				CLANG_WARN_NON_LITERAL_NULL_CONVERSION = YES;
				CLANG_WARN_OBJC_IMPLICIT_RETAIN_SELF = YES;
				CLANG_WARN_OBJC_LITERAL_CONVERSION = YES;
				CLANG_WARN_OBJC_ROOT_CLASS = YES_ERROR;
				CLANG_WARN_QUOTED_INCLUDE_IN_FRAMEWORK_HEADER = YES;
				CLANG_WARN_RANGE_LOOP_ANALYSIS = YES;
				CLANG_WARN_STRICT_PROTOTYPES = YES;
				CLANG_WARN_SUSPICIOUS_MOVE = YES;
				CLANG_WARN_UNGUARDED_AVAILABILITY = YES_AGGRESSIVE;
				CLANG_WARN_UNREACHABLE_CODE = YES;
				CLANG_WARN__DUPLICATE_METHOD_MATCH = YES;
				COPY_PHASE_STRIP = NO;
				DEBUG_INFORMATION_FORMAT = dwarf;
				ENABLE_STRICT_OBJC_MSGSEND = YES;
				ENABLE_TESTABILITY = YES;
				GCC_C_LANGUAGE_STANDARD = gnu11;
				GCC_DYNAMIC_NO_PIC = NO;
				GCC_NO_COMMON_BLOCKS = YES;
				GCC_OPTIMIZATION_LEVEL = 0;
				GCC_PREPROCESSOR_DEFINITIONS = (
					"DEBUG=1",
					"$(inherited)",
				);
				GCC_WARN_64_TO_32_BIT_CONVERSION = YES;
				GCC_WARN_ABOUT_RETURN_TYPE = YES_ERROR;
				GCC_WARN_UNDECLARED_SELECTOR = YES;
				GCC_WARN_UNINITIALIZED_AUTOS = YES_AGGRESSIVE;
				GCC_WARN_UNUSED_FUNCTION = YES;
				GCC_WARN_UNUSED_VARIABLE = YES;
				IPHONEOS_DEPLOYMENT_TARGET = 16.2;
				MTL_ENABLE_DEBUG_INFO = INCLUDE_SOURCE;
				MTL_FAST_MATH = YES;
				ONLY_ACTIVE_ARCH = YES;
				SDKROOT = iphoneos;
				SWIFT_ACTIVE_COMPILATION_CONDITIONS = DEBUG;
				SWIFT_OPTIMIZATION_LEVEL = "-Onone";
			};
			name = Debug;
		};
		04725DF929E649F5006068E5 /* Release */ = {
			isa = XCBuildConfiguration;
			buildSettings = {
				ALWAYS_SEARCH_USER_PATHS = NO;
				CLANG_ANALYZER_NONNULL = YES;
				CLANG_ANALYZER_NUMBER_OBJECT_CONVERSION = YES_AGGRESSIVE;
				CLANG_CXX_LANGUAGE_STANDARD = "gnu++20";
				CLANG_ENABLE_MODULES = YES;
				CLANG_ENABLE_OBJC_ARC = YES;
				CLANG_ENABLE_OBJC_WEAK = YES;
				CLANG_WARN_BLOCK_CAPTURE_AUTORELEASING = YES;
				CLANG_WARN_BOOL_CONVERSION = YES;
				CLANG_WARN_COMMA = YES;
				CLANG_WARN_CONSTANT_CONVERSION = YES;
				CLANG_WARN_DEPRECATED_OBJC_IMPLEMENTATIONS = YES;
				CLANG_WARN_DIRECT_OBJC_ISA_USAGE = YES_ERROR;
				CLANG_WARN_DOCUMENTATION_COMMENTS = YES;
				CLANG_WARN_EMPTY_BODY = YES;
				CLANG_WARN_ENUM_CONVERSION = YES;
				CLANG_WARN_INFINITE_RECURSION = YES;
				CLANG_WARN_INT_CONVERSION = YES;
				CLANG_WARN_NON_LITERAL_NULL_CONVERSION = YES;
				CLANG_WARN_OBJC_IMPLICIT_RETAIN_SELF = YES;
				CLANG_WARN_OBJC_LITERAL_CONVERSION = YES;
				CLANG_WARN_OBJC_ROOT_CLASS = YES_ERROR;
				CLANG_WARN_QUOTED_INCLUDE_IN_FRAMEWORK_HEADER = YES;
				CLANG_WARN_RANGE_LOOP_ANALYSIS = YES;
				CLANG_WARN_STRICT_PROTOTYPES = YES;
				CLANG_WARN_SUSPICIOUS_MOVE = YES;
				CLANG_WARN_UNGUARDED_AVAILABILITY = YES_AGGRESSIVE;
				CLANG_WARN_UNREACHABLE_CODE = YES;
				CLANG_WARN__DUPLICATE_METHOD_MATCH = YES;
				COPY_PHASE_STRIP = NO;
				DEBUG_INFORMATION_FORMAT = "dwarf-with-dsym";
				ENABLE_NS_ASSERTIONS = NO;
				ENABLE_STRICT_OBJC_MSGSEND = YES;
				GCC_C_LANGUAGE_STANDARD = gnu11;
				GCC_NO_COMMON_BLOCKS = YES;
				GCC_WARN_64_TO_32_BIT_CONVERSION = YES;
				GCC_WARN_ABOUT_RETURN_TYPE = YES_ERROR;
				GCC_WARN_UNDECLARED_SELECTOR = YES;
				GCC_WARN_UNINITIALIZED_AUTOS = YES_AGGRESSIVE;
				GCC_WARN_UNUSED_FUNCTION = YES;
				GCC_WARN_UNUSED_VARIABLE = YES;
				IPHONEOS_DEPLOYMENT_TARGET = 16.2;
				MTL_ENABLE_DEBUG_INFO = NO;
				MTL_FAST_MATH = YES;
				SDKROOT = iphoneos;
				SWIFT_COMPILATION_MODE = wholemodule;
				SWIFT_OPTIMIZATION_LEVEL = "-O";
				VALIDATE_PRODUCT = YES;
			};
			name = Release;
		};
		04725DFB29E649F5006068E5 /* Debug */ = {
			isa = XCBuildConfiguration;
			buildSettings = {
				ASSETCATALOG_COMPILER_APPICON_NAME = AppIcon;
				ASSETCATALOG_COMPILER_GLOBAL_ACCENT_COLOR_NAME = AccentColor;
				CODE_SIGN_STYLE = Automatic;
				CURRENT_PROJECT_VERSION = 1;
				DEVELOPMENT_ASSET_PATHS = "\"AFL3-0706012110033-Bryan_Anthony/Preview Content\"";
				DEVELOPMENT_TEAM = 64HTLCWMUT;
				ENABLE_PREVIEWS = YES;
				GENERATE_INFOPLIST_FILE = YES;
				INFOPLIST_KEY_UIApplicationSceneManifest_Generation = YES;
				INFOPLIST_KEY_UIApplicationSupportsIndirectInputEvents = YES;
				INFOPLIST_KEY_UILaunchScreen_Generation = YES;
				INFOPLIST_KEY_UISupportedInterfaceOrientations_iPad = "UIInterfaceOrientationPortrait UIInterfaceOrientationPortraitUpsideDown UIInterfaceOrientationLandscapeLeft UIInterfaceOrientationLandscapeRight";
				INFOPLIST_KEY_UISupportedInterfaceOrientations_iPhone = "UIInterfaceOrientationPortrait UIInterfaceOrientationLandscapeLeft UIInterfaceOrientationLandscapeRight";
				LD_RUNPATH_SEARCH_PATHS = (
					"$(inherited)",
					"@executable_path/Frameworks",
				);
				MARKETING_VERSION = 1.0;
				PRODUCT_BUNDLE_IDENTIFIER = "ciputra.AFL3-0706012110033-Bryan-Anthony";
				PRODUCT_NAME = "$(TARGET_NAME)";
				SWIFT_EMIT_LOC_STRINGS = YES;
				SWIFT_VERSION = 5.0;
				TARGETED_DEVICE_FAMILY = "1,2";
			};
			name = Debug;
		};
		04725DFC29E649F5006068E5 /* Release */ = {
			isa = XCBuildConfiguration;
			buildSettings = {
				ASSETCATALOG_COMPILER_APPICON_NAME = AppIcon;
				ASSETCATALOG_COMPILER_GLOBAL_ACCENT_COLOR_NAME = AccentColor;
				CODE_SIGN_STYLE = Automatic;
				CURRENT_PROJECT_VERSION = 1;
				DEVELOPMENT_ASSET_PATHS = "\"AFL3-0706012110033-Bryan_Anthony/Preview Content\"";
				DEVELOPMENT_TEAM = 64HTLCWMUT;
				ENABLE_PREVIEWS = YES;
				GENERATE_INFOPLIST_FILE = YES;
				INFOPLIST_KEY_UIApplicationSceneManifest_Generation = YES;
				INFOPLIST_KEY_UIApplicationSupportsIndirectInputEvents = YES;
				INFOPLIST_KEY_UILaunchScreen_Generation = YES;
				INFOPLIST_KEY_UISupportedInterfaceOrientations_iPad = "UIInterfaceOrientationPortrait UIInterfaceOrientationPortraitUpsideDown UIInterfaceOrientationLandscapeLeft UIInterfaceOrientationLandscapeRight";
				INFOPLIST_KEY_UISupportedInterfaceOrientations_iPhone = "UIInterfaceOrientationPortrait UIInterfaceOrientationLandscapeLeft UIInterfaceOrientationLandscapeRight";
				LD_RUNPATH_SEARCH_PATHS = (
					"$(inherited)",
					"@executable_path/Frameworks",
				);
				MARKETING_VERSION = 1.0;
				PRODUCT_BUNDLE_IDENTIFIER = "ciputra.AFL3-0706012110033-Bryan-Anthony";
				PRODUCT_NAME = "$(TARGET_NAME)";
				SWIFT_EMIT_LOC_STRINGS = YES;
				SWIFT_VERSION = 5.0;
				TARGETED_DEVICE_FAMILY = "1,2";
			};
			name = Release;
		};
		04725DFE29E649F5006068E5 /* Debug */ = {
			isa = XCBuildConfiguration;
			buildSettings = {
				ALWAYS_EMBED_SWIFT_STANDARD_LIBRARIES = YES;
				BUNDLE_LOADER = "$(TEST_HOST)";
				CODE_SIGN_STYLE = Automatic;
				CURRENT_PROJECT_VERSION = 1;
				DEVELOPMENT_TEAM = 64HTLCWMUT;
				GENERATE_INFOPLIST_FILE = YES;
				IPHONEOS_DEPLOYMENT_TARGET = 16.2;
				MARKETING_VERSION = 1.0;
				PRODUCT_BUNDLE_IDENTIFIER = "ciputra.AFL3-0706012110033-Bryan-AnthonyTests";
				PRODUCT_NAME = "$(TARGET_NAME)";
				SWIFT_EMIT_LOC_STRINGS = NO;
				SWIFT_VERSION = 5.0;
				TARGETED_DEVICE_FAMILY = "1,2";
				TEST_HOST = "$(BUILT_PRODUCTS_DIR)/AFL3-0706012110033-Bryan_Anthony.app/$(BUNDLE_EXECUTABLE_FOLDER_PATH)/AFL3-0706012110033-Bryan_Anthony";
			};
			name = Debug;
		};
		04725DFF29E649F5006068E5 /* Release */ = {
			isa = XCBuildConfiguration;
			buildSettings = {
				ALWAYS_EMBED_SWIFT_STANDARD_LIBRARIES = YES;
				BUNDLE_LOADER = "$(TEST_HOST)";
				CODE_SIGN_STYLE = Automatic;
				CURRENT_PROJECT_VERSION = 1;
				DEVELOPMENT_TEAM = 64HTLCWMUT;
				GENERATE_INFOPLIST_FILE = YES;
				IPHONEOS_DEPLOYMENT_TARGET = 16.2;
				MARKETING_VERSION = 1.0;
				PRODUCT_BUNDLE_IDENTIFIER = "ciputra.AFL3-0706012110033-Bryan-AnthonyTests";
				PRODUCT_NAME = "$(TARGET_NAME)";
				SWIFT_EMIT_LOC_STRINGS = NO;
				SWIFT_VERSION = 5.0;
				TARGETED_DEVICE_FAMILY = "1,2";
				TEST_HOST = "$(BUILT_PRODUCTS_DIR)/AFL3-0706012110033-Bryan_Anthony.app/$(BUNDLE_EXECUTABLE_FOLDER_PATH)/AFL3-0706012110033-Bryan_Anthony";
			};
			name = Release;
		};
		04725E0129E649F5006068E5 /* Debug */ = {
			isa = XCBuildConfiguration;
			buildSettings = {
				ALWAYS_EMBED_SWIFT_STANDARD_LIBRARIES = YES;
				CODE_SIGN_STYLE = Automatic;
				CURRENT_PROJECT_VERSION = 1;
				DEVELOPMENT_TEAM = 64HTLCWMUT;
				GENERATE_INFOPLIST_FILE = YES;
				MARKETING_VERSION = 1.0;
				PRODUCT_BUNDLE_IDENTIFIER = "ciputra.AFL3-0706012110033-Bryan-AnthonyUITests";
				PRODUCT_NAME = "$(TARGET_NAME)";
				SWIFT_EMIT_LOC_STRINGS = NO;
				SWIFT_VERSION = 5.0;
				TARGETED_DEVICE_FAMILY = "1,2";
				TEST_TARGET_NAME = "AFL3-0706012110033-Bryan_Anthony";
			};
			name = Debug;
		};
		04725E0229E649F5006068E5 /* Release */ = {
			isa = XCBuildConfiguration;
			buildSettings = {
				ALWAYS_EMBED_SWIFT_STANDARD_LIBRARIES = YES;
				CODE_SIGN_STYLE = Automatic;
				CURRENT_PROJECT_VERSION = 1;
				DEVELOPMENT_TEAM = 64HTLCWMUT;
				GENERATE_INFOPLIST_FILE = YES;
				MARKETING_VERSION = 1.0;
				PRODUCT_BUNDLE_IDENTIFIER = "ciputra.AFL3-0706012110033-Bryan-AnthonyUITests";
				PRODUCT_NAME = "$(TARGET_NAME)";
				SWIFT_EMIT_LOC_STRINGS = NO;
				SWIFT_VERSION = 5.0;
				TARGETED_DEVICE_FAMILY = "1,2";
				TEST_TARGET_NAME = "AFL3-0706012110033-Bryan_Anthony";
			};
			name = Release;
		};
/* End XCBuildConfiguration section */

/* Begin XCConfigurationList section */
		04725DD129E649F3006068E5 /* Build configuration list for PBXProject "AFL3-0706012110033-Bryan_Anthony" */ = {
			isa = XCConfigurationList;
			buildConfigurations = (
				04725DF829E649F5006068E5 /* Debug */,
				04725DF929E649F5006068E5 /* Release */,
			);
			defaultConfigurationIsVisible = 0;
			defaultConfigurationName = Release;
		};
		04725DFA29E649F5006068E5 /* Build configuration list for PBXNativeTarget "AFL3-0706012110033-Bryan_Anthony" */ = {
			isa = XCConfigurationList;
			buildConfigurations = (
				04725DFB29E649F5006068E5 /* Debug */,
				04725DFC29E649F5006068E5 /* Release */,
			);
			defaultConfigurationIsVisible = 0;
			defaultConfigurationName = Release;
		};
		04725DFD29E649F5006068E5 /* Build configuration list for PBXNativeTarget "AFL3-0706012110033-Bryan_AnthonyTests" */ = {
			isa = XCConfigurationList;
			buildConfigurations = (
				04725DFE29E649F5006068E5 /* Debug */,
				04725DFF29E649F5006068E5 /* Release */,
			);
			defaultConfigurationIsVisible = 0;
			defaultConfigurationName = Release;
		};
		04725E0029E649F5006068E5 /* Build configuration list for PBXNativeTarget "AFL3-0706012110033-Bryan_AnthonyUITests" */ = {
			isa = XCConfigurationList;
			buildConfigurations = (
				04725E0129E649F5006068E5 /* Debug */,
				04725E0229E649F5006068E5 /* Release */,
			);
			defaultConfigurationIsVisible = 0;
			defaultConfigurationName = Release;
		};
/* End XCConfigurationList section */
	};
	rootObject = 04725DCE29E649F3006068E5 /* Project object */;
}
